// !$*UTF8*$!
{
	archiveVersion = 1;
	classes = {
	};
	objectVersion = 46;
	objects = {

/* Begin PBXBuildFile section */
		1607CB6EB1187EBE5A005DC2 /* libPods.a in Frameworks */ = {isa = PBXBuildFile; fileRef = 9FDEF3BAED531224B97E25CF /* libPods.a */; };
		F6045BE61CACFEA8006BDA6F /* main.m in Sources */ = {isa = PBXBuildFile; fileRef = F6045BE51CACFEA8006BDA6F /* main.m */; };
		F6045BEF1CACFEA8006BDA6F /* Main.storyboard in Resources */ = {isa = PBXBuildFile; fileRef = F6045BED1CACFEA8006BDA6F /* Main.storyboard */; };
		F6045BF11CACFEA8006BDA6F /* Assets.xcassets in Resources */ = {isa = PBXBuildFile; fileRef = F6045BF01CACFEA8006BDA6F /* Assets.xcassets */; };
		F6045BF41CACFEA8006BDA6F /* LaunchScreen.storyboard in Resources */ = {isa = PBXBuildFile; fileRef = F6045BF21CACFEA8006BDA6F /* LaunchScreen.storyboard */; };
		F6045C0A1CAD0248006BDA6F /* LoginViewController.m in Sources */ = {isa = PBXBuildFile; fileRef = F6045C091CAD0248006BDA6F /* LoginViewController.m */; };
		F60BF6091CD36CBF00B6678E /* RentRoomController.m in Sources */ = {isa = PBXBuildFile; fileRef = F60BF6081CD36CBF00B6678E /* RentRoomController.m */; };
		F621571E1CC735B7005ED14F /* SyRecordView.m in Sources */ = {isa = PBXBuildFile; fileRef = F621571D1CC735B7005ED14F /* SyRecordView.m */; };
		F62157211CC767FC005ED14F /* SyFeedCreateToolView.m in Sources */ = {isa = PBXBuildFile; fileRef = F62157201CC767FC005ED14F /* SyFeedCreateToolView.m */; };
		F62157241CC76872005ED14F /* SyView.m in Sources */ = {isa = PBXBuildFile; fileRef = F62157231CC76872005ED14F /* SyView.m */; };
		F6218B751CC9C0890021D3BF /* placeHolder.png in Resources */ = {isa = PBXBuildFile; fileRef = F6218B741CC9C0890021D3BF /* placeHolder.png */; };
		F625FDC51CC4FA1300DC3A62 /* SyBaseViewController.m in Sources */ = {isa = PBXBuildFile; fileRef = F625FDC41CC4FA1300DC3A62 /* SyBaseViewController.m */; };
		F625FDC81CC5003F00DC3A62 /* SyBaseView.m in Sources */ = {isa = PBXBuildFile; fileRef = F625FDC71CC5003F00DC3A62 /* SyBaseView.m */; };
		F629CB8D1CC5DC2400A7B334 /* SyAlertView.m in Sources */ = {isa = PBXBuildFile; fileRef = F629CB8C1CC5DC2400A7B334 /* SyAlertView.m */; };
		F629CB901CC5DFBE00A7B334 /* SyTabBarController.m in Sources */ = {isa = PBXBuildFile; fileRef = F629CB8F1CC5DFBE00A7B334 /* SyTabBarController.m */; };
		F629CB9C1CC5E27100A7B334 /* UIColor+Category.m in Sources */ = {isa = PBXBuildFile; fileRef = F629CB9B1CC5E27100A7B334 /* UIColor+Category.m */; };
		F629CB9F1CC5E2E200A7B334 /* NSString+Size.m in Sources */ = {isa = PBXBuildFile; fileRef = F629CB9E1CC5E2E200A7B334 /* NSString+Size.m */; };
		F629CBA21CC5E32300A7B334 /* UILabel+Size.m in Sources */ = {isa = PBXBuildFile; fileRef = F629CBA11CC5E32300A7B334 /* UILabel+Size.m */; };
		F629CBA51CC5E3BD00A7B334 /* UINavigationController+SyNavigationController.m in Sources */ = {isa = PBXBuildFile; fileRef = F629CBA41CC5E3BD00A7B334 /* UINavigationController+SyNavigationController.m */; };
		F629CBA81CC5E44E00A7B334 /* NSDate+convenience.m in Sources */ = {isa = PBXBuildFile; fileRef = F629CBA71CC5E44E00A7B334 /* NSDate+convenience.m */; };
		F629CBAB1CC5E4D100A7B334 /* NSString+SyString.m in Sources */ = {isa = PBXBuildFile; fileRef = F629CBAA1CC5E4D100A7B334 /* NSString+SyString.m */; };
		F629CBAE1CC5E55300A7B334 /* UIImage+SyImage.m in Sources */ = {isa = PBXBuildFile; fileRef = F629CBAD1CC5E55300A7B334 /* UIImage+SyImage.m */; };
		F629CBB11CC5E5BD00A7B334 /* UIView+SyView.m in Sources */ = {isa = PBXBuildFile; fileRef = F629CBB01CC5E5BD00A7B334 /* UIView+SyView.m */; };
		F629CBB41CC5E60800A7B334 /* UIImagePickerController+SyImagePickerController.m in Sources */ = {isa = PBXBuildFile; fileRef = F629CBB31CC5E60800A7B334 /* UIImagePickerController+SyImagePickerController.m */; };
		F629CBB71CC5E65600A7B334 /* NSArray+SyArray.m in Sources */ = {isa = PBXBuildFile; fileRef = F629CBB61CC5E65600A7B334 /* NSArray+SyArray.m */; };
		F629CBBA1CC5E6BC00A7B334 /* UIWebView+JavaScriptAlert.m in Sources */ = {isa = PBXBuildFile; fileRef = F629CBB91CC5E6BC00A7B334 /* UIWebView+JavaScriptAlert.m */; };
		F629CBBD1CC5E78700A7B334 /* UIControl+Monitor.m in Sources */ = {isa = PBXBuildFile; fileRef = F629CBBC1CC5E78700A7B334 /* UIControl+Monitor.m */; };
		F629CBC01CC5E80D00A7B334 /* NSNull+OVNatural.m in Sources */ = {isa = PBXBuildFile; fileRef = F629CBBF1CC5E80D00A7B334 /* NSNull+OVNatural.m */; };
		F629CBC31CC5E84600A7B334 /* UIScrollView+AllowPanGestureEventPass.m in Sources */ = {isa = PBXBuildFile; fileRef = F629CBC21CC5E84600A7B334 /* UIScrollView+AllowPanGestureEventPass.m */; };
		F629CBC61CC5EA9C00A7B334 /* SyBaseControl.m in Sources */ = {isa = PBXBuildFile; fileRef = F629CBC51CC5EA9C00A7B334 /* SyBaseControl.m */; };
		F629CBC91CC5EAF400A7B334 /* SyFaceView.m in Sources */ = {isa = PBXBuildFile; fileRef = F629CBC81CC5EAF400A7B334 /* SyFaceView.m */; };
		F6A3D10B1CBBC27200C2AE22 /* MineViewController.m in Sources */ = {isa = PBXBuildFile; fileRef = F6A3D10A1CBBC27200C2AE22 /* MineViewController.m */; };
		F6A3D10E1CBBC27F00C2AE22 /* NotifacationViewController.m in Sources */ = {isa = PBXBuildFile; fileRef = F6A3D10D1CBBC27F00C2AE22 /* NotifacationViewController.m */; };
		F6A3D1121CBBC29900C2AE22 /* DiscoverViewController.m in Sources */ = {isa = PBXBuildFile; fileRef = F6A3D1111CBBC29900C2AE22 /* DiscoverViewController.m */; };
		F6A3D1161CBBC2B000C2AE22 /* MainViewController.m in Sources */ = {isa = PBXBuildFile; fileRef = F6A3D1151CBBC2B000C2AE22 /* MainViewController.m */; };
		F6C389B31CCF7C9C0055298F /* ZipKit.framework in Frameworks */ = {isa = PBXBuildFile; fileRef = F6C389B21CCF7C9C0055298F /* ZipKit.framework */; };
		F6D53CC71CCF863C000B1480 /* 778913468791490474930525_portal.html in Resources */ = {isa = PBXBuildFile; fileRef = F6D53CC61CCF863C000B1480 /* 778913468791490474930525_portal.html */; };
		F6D53CC91CCF864A000B1480 /* portal.zip in Resources */ = {isa = PBXBuildFile; fileRef = F6D53CC81CCF864A000B1480 /* portal.zip */; };
		F6D53D1C1CD057AB000B1480 /* Model.m in Sources */ = {isa = PBXBuildFile; fileRef = F6D53D1B1CD057AB000B1480 /* Model.m */; };
		F6D53D1E1CD05A77000B1480 /* json.json in Resources */ = {isa = PBXBuildFile; fileRef = F6D53D1D1CD05A77000B1480 /* json.json */; };
		F6D53D211CD07E81000B1480 /* BaseModel.m in Sources */ = {isa = PBXBuildFile; fileRef = F6D53D201CD07E81000B1480 /* BaseModel.m */; };
		F6D53D241CD08A0D000B1480 /* UserModel.m in Sources */ = {isa = PBXBuildFile; fileRef = F6D53D231CD08A0D000B1480 /* UserModel.m */; };
		F6D53D3B1CD09FA3000B1480 /* SyBaseResponse.m in Sources */ = {isa = PBXBuildFile; fileRef = F6D53D3A1CD09FA3000B1480 /* SyBaseResponse.m */; };
		F6D53D3E1CD0A025000B1480 /* SyBaseRequest.m in Sources */ = {isa = PBXBuildFile; fileRef = F6D53D3D1CD0A025000B1480 /* SyBaseRequest.m */; };
		F6D53D411CD0A1FD000B1480 /* SyHttpHeaderMakerUtils.m in Sources */ = {isa = PBXBuildFile; fileRef = F6D53D401CD0A1FD000B1480 /* SyHttpHeaderMakerUtils.m */; };
		F6D53D441CD0A279000B1480 /* SyServerManager.m in Sources */ = {isa = PBXBuildFile; fileRef = F6D53D431CD0A279000B1480 /* SyServerManager.m */; };
		F6D53D4B1CD0A3D1000B1480 /* SyCacheManager.m in Sources */ = {isa = PBXBuildFile; fileRef = F6D53D461CD0A3D1000B1480 /* SyCacheManager.m */; };
		F6D53D4C1CD0A3D1000B1480 /* SyFileManager.m in Sources */ = {isa = PBXBuildFile; fileRef = F6D53D481CD0A3D1000B1480 /* SyFileManager.m */; };
		F6D53D6C1CD0A8B2000B1480 /* NSArray+SyArray.m in Sources */ = {isa = PBXBuildFile; fileRef = F6D53D511CD0A8B2000B1480 /* NSArray+SyArray.m */; };
		F6D53D6D1CD0A8B2000B1480 /* NSDate+convenience.m in Sources */ = {isa = PBXBuildFile; fileRef = F6D53D531CD0A8B2000B1480 /* NSDate+convenience.m */; };
		F6D53D6E1CD0A8B2000B1480 /* NSNull+OVNatural.m in Sources */ = {isa = PBXBuildFile; fileRef = F6D53D551CD0A8B2000B1480 /* NSNull+OVNatural.m */; };
		F6D53D6F1CD0A8B2000B1480 /* NSString+Size.m in Sources */ = {isa = PBXBuildFile; fileRef = F6D53D571CD0A8B2000B1480 /* NSString+Size.m */; };
		F6D53D701CD0A8B2000B1480 /* NSString+SyString.m in Sources */ = {isa = PBXBuildFile; fileRef = F6D53D591CD0A8B2000B1480 /* NSString+SyString.m */; };
		F6D53D811CD0A9DD000B1480 /* NSObject+JSON.m in Sources */ = {isa = PBXBuildFile; fileRef = F6D53D7F1CD0A9DD000B1480 /* NSObject+JSON.m */; };
		F6D53D841CD0B0A0000B1480 /* SyBaseProvider.m in Sources */ = {isa = PBXBuildFile; fileRef = F6D53D831CD0B0A0000B1480 /* SyBaseProvider.m */; };
		F6D53D871CD0B7E5000B1480 /* SyURLConnection.m in Sources */ = {isa = PBXBuildFile; fileRef = F6D53D861CD0B7E5000B1480 /* SyURLConnection.m */; };
		F6D53D8A1CD0C9C2000B1480 /* SyURLProvider.m in Sources */ = {isa = PBXBuildFile; fileRef = F6D53D891CD0C9C2000B1480 /* SyURLProvider.m */; };
		F6D53D911CD0CF8E000B1480 /* SyLoginRequest.m in Sources */ = {isa = PBXBuildFile; fileRef = F6D53D901CD0CF8E000B1480 /* SyLoginRequest.m */; };
		F6D53D981CD0D110000B1480 /* SyBase64.m in Sources */ = {isa = PBXBuildFile; fileRef = F6D53D941CD0D110000B1480 /* SyBase64.m */; };
		F6D53D991CD0D110000B1480 /* SySecurityUtil.m in Sources */ = {isa = PBXBuildFile; fileRef = F6D53D971CD0D110000B1480 /* SySecurityUtil.m */; };
		F6D53D9C1CD0E1A4000B1480 /* SyWebView.m in Sources */ = {isa = PBXBuildFile; fileRef = F6D53D9B1CD0E1A4000B1480 /* SyWebView.m */; };
		F6D53DA01CD0E441000B1480 /* MHomeUnReadObject.m in Sources */ = {isa = PBXBuildFile; fileRef = F6D53D9F1CD0E441000B1480 /* MHomeUnReadObject.m */; };
		F6DA6E811CC5D067008B07E5 /* AppDelegate.m in Sources */ = {isa = PBXBuildFile; fileRef = F6DA6E801CC5D067008B07E5 /* AppDelegate.m */; };
		F6DA6E841CC5D0FA008B07E5 /* RootViewController.m in Sources */ = {isa = PBXBuildFile; fileRef = F6DA6E831CC5D0FA008B07E5 /* RootViewController.m */; };
		F6E27C201CC0E70300CD6E52 /* GuidePageVIew.m in Sources */ = {isa = PBXBuildFile; fileRef = F6E27C1F1CC0E70300CD6E52 /* GuidePageVIew.m */; };
		F6E27C261CC0ED3000CD6E52 /* GuideImages in Resources */ = {isa = PBXBuildFile; fileRef = F6E27C251CC0ED3000CD6E52 /* GuideImages */; };
		F6E79AED1CAE233400DEE882 /* Sh_UDID_UUID_Tools.m in Sources */ = {isa = PBXBuildFile; fileRef = F6E79AEC1CAE233400DEE882 /* Sh_UDID_UUID_Tools.m */; };
		F6FB12891CC6225C00A939B8 /* SyBaseNavViewController.m in Sources */ = {isa = PBXBuildFile; fileRef = F6FB12881CC6225C00A939B8 /* SyBaseNavViewController.m */; };
		F6FB128D1CC624D500A939B8 /* SyBaseNavView.m in Sources */ = {isa = PBXBuildFile; fileRef = F6FB128C1CC624D500A939B8 /* SyBaseNavView.m */; };
		F6FB12901CC6253900A939B8 /* SyNavigationBar.m in Sources */ = {isa = PBXBuildFile; fileRef = F6FB128F1CC6253900A939B8 /* SyNavigationBar.m */; };
		F6FB12931CC62B9000A939B8 /* SyButton.m in Sources */ = {isa = PBXBuildFile; fileRef = F6FB12921CC62B9000A939B8 /* SyButton.m */; };
		F6FE31371CD1F496003A2F11 /* ShRentViewController.m in Sources */ = {isa = PBXBuildFile; fileRef = F6FE31361CD1F496003A2F11 /* ShRentViewController.m */; };
		F6FE313C1CD1F525003A2F11 /* ShBaseTableView.m in Sources */ = {isa = PBXBuildFile; fileRef = F6FE313B1CD1F525003A2F11 /* ShBaseTableView.m */; };
		F6FE313F1CD1F74F003A2F11 /* RentHelper.m in Sources */ = {isa = PBXBuildFile; fileRef = F6FE313E1CD1F74F003A2F11 /* RentHelper.m */; };
		F6FE31431CD1F8C6003A2F11 /* ShImageBtn.m in Sources */ = {isa = PBXBuildFile; fileRef = F6FE31421CD1F8C6003A2F11 /* ShImageBtn.m */; };
		F6FE31461CD1F95C003A2F11 /* ShRentHeaderView.m in Sources */ = {isa = PBXBuildFile; fileRef = F6FE31451CD1F95C003A2F11 /* ShRentHeaderView.m */; };
		F6FE31481CD1FC38003A2F11 /* RentPlaceHolder.png in Resources */ = {isa = PBXBuildFile; fileRef = F6FE31471CD1FC38003A2F11 /* RentPlaceHolder.png */; };
		F6FE314B1CD1FE09003A2F11 /* FooViewController.m in Sources */ = {isa = PBXBuildFile; fileRef = F6FE314A1CD1FE09003A2F11 /* FooViewController.m */; };
		F6FE314F1CD21504003A2F11 /* ShBaseTableViewCell.m in Sources */ = {isa = PBXBuildFile; fileRef = F6FE314E1CD21504003A2F11 /* ShBaseTableViewCell.m */; };
		F6FE31571CD21E78003A2F11 /* RentNotificationModel.m in Sources */ = {isa = PBXBuildFile; fileRef = F6FE31561CD21E78003A2F11 /* RentNotificationModel.m */; };
		F6FE31661CD223E8003A2F11 /* RentCommonCell.m in Sources */ = {isa = PBXBuildFile; fileRef = F6FE31651CD223E8003A2F11 /* RentCommonCell.m */; };
		F6FE31691CD225CF003A2F11 /* RentTableViewController.m in Sources */ = {isa = PBXBuildFile; fileRef = F6FE31681CD225CF003A2F11 /* RentTableViewController.m */; };
		F6FE31711CD22C20003A2F11 /* RentInfoViewController.m in Sources */ = {isa = PBXBuildFile; fileRef = F6FE31701CD22C20003A2F11 /* RentInfoViewController.m */; };
		F6FE31741CD22E66003A2F11 /* RentCommonCellModel.m in Sources */ = {isa = PBXBuildFile; fileRef = F6FE31731CD22E66003A2F11 /* RentCommonCellModel.m */; };
		F6FE31771CD23052003A2F11 /* RentCustomerController.m in Sources */ = {isa = PBXBuildFile; fileRef = F6FE31761CD23052003A2F11 /* RentCustomerController.m */; };
/* End PBXBuildFile section */

/* Begin PBXFileReference section */
		2ADBDC4FC7F88637FB03FC4E /* Pods.debug.xcconfig */ = {isa = PBXFileReference; includeInIndex = 1; lastKnownFileType = text.xcconfig; name = Pods.debug.xcconfig; path = "Pods/Target Support Files/Pods/Pods.debug.xcconfig"; sourceTree = "<group>"; };
		4B3A1F96C879E6A5943D2C6A /* Pods.release.xcconfig */ = {isa = PBXFileReference; includeInIndex = 1; lastKnownFileType = text.xcconfig; name = Pods.release.xcconfig; path = "Pods/Target Support Files/Pods/Pods.release.xcconfig"; sourceTree = "<group>"; };
		9FDEF3BAED531224B97E25CF /* libPods.a */ = {isa = PBXFileReference; explicitFileType = archive.ar; includeInIndex = 0; path = libPods.a; sourceTree = BUILT_PRODUCTS_DIR; };
		F6045BE11CACFEA8006BDA6F /* DAJIA_SIMPLE.app */ = {isa = PBXFileReference; explicitFileType = wrapper.application; includeInIndex = 0; path = DAJIA_SIMPLE.app; sourceTree = BUILT_PRODUCTS_DIR; };
		F6045BE51CACFEA8006BDA6F /* main.m */ = {isa = PBXFileReference; lastKnownFileType = sourcecode.c.objc; path = main.m; sourceTree = "<group>"; };
		F6045BEE1CACFEA8006BDA6F /* Base */ = {isa = PBXFileReference; lastKnownFileType = file.storyboard; name = Base; path = Base.lproj/Main.storyboard; sourceTree = "<group>"; };
		F6045BF01CACFEA8006BDA6F /* Assets.xcassets */ = {isa = PBXFileReference; lastKnownFileType = folder.assetcatalog; path = Assets.xcassets; sourceTree = "<group>"; };
		F6045BF31CACFEA8006BDA6F /* Base */ = {isa = PBXFileReference; lastKnownFileType = file.storyboard; name = Base; path = Base.lproj/LaunchScreen.storyboard; sourceTree = "<group>"; };
		F6045BF51CACFEA8006BDA6F /* Info.plist */ = {isa = PBXFileReference; lastKnownFileType = text.plist.xml; path = Info.plist; sourceTree = "<group>"; };
		F6045C081CAD0248006BDA6F /* LoginViewController.h */ = {isa = PBXFileReference; fileEncoding = 4; lastKnownFileType = sourcecode.c.h; name = LoginViewController.h; path = Login/LoginViewController.h; sourceTree = "<group>"; };
		F6045C091CAD0248006BDA6F /* LoginViewController.m */ = {isa = PBXFileReference; fileEncoding = 4; lastKnownFileType = sourcecode.c.objc; name = LoginViewController.m; path = Login/LoginViewController.m; sourceTree = "<group>"; };
		F6045C0F1CAD0375006BDA6F /* DAJIA_prefix.pch */ = {isa = PBXFileReference; lastKnownFileType = sourcecode.c.h; path = DAJIA_prefix.pch; sourceTree = "<group>"; };
		F60BF6071CD36CBF00B6678E /* RentRoomController.h */ = {isa = PBXFileReference; fileEncoding = 4; lastKnownFileType = sourcecode.c.h; path = RentRoomController.h; sourceTree = "<group>"; };
		F60BF6081CD36CBF00B6678E /* RentRoomController.m */ = {isa = PBXFileReference; fileEncoding = 4; lastKnownFileType = sourcecode.c.objc; path = RentRoomController.m; sourceTree = "<group>"; };
		F621571C1CC735B7005ED14F /* SyRecordView.h */ = {isa = PBXFileReference; fileEncoding = 4; lastKnownFileType = sourcecode.c.h; path = SyRecordView.h; sourceTree = "<group>"; };
		F621571D1CC735B7005ED14F /* SyRecordView.m */ = {isa = PBXFileReference; fileEncoding = 4; lastKnownFileType = sourcecode.c.objc; path = SyRecordView.m; sourceTree = "<group>"; };
		F621571F1CC767FC005ED14F /* SyFeedCreateToolView.h */ = {isa = PBXFileReference; fileEncoding = 4; lastKnownFileType = sourcecode.c.h; path = SyFeedCreateToolView.h; sourceTree = "<group>"; };
		F62157201CC767FC005ED14F /* SyFeedCreateToolView.m */ = {isa = PBXFileReference; fileEncoding = 4; lastKnownFileType = sourcecode.c.objc; path = SyFeedCreateToolView.m; sourceTree = "<group>"; };
		F62157221CC76872005ED14F /* SyView.h */ = {isa = PBXFileReference; fileEncoding = 4; lastKnownFileType = sourcecode.c.h; path = SyView.h; sourceTree = "<group>"; };
		F62157231CC76872005ED14F /* SyView.m */ = {isa = PBXFileReference; fileEncoding = 4; lastKnownFileType = sourcecode.c.objc; path = SyView.m; sourceTree = "<group>"; };
		F6218B741CC9C0890021D3BF /* placeHolder.png */ = {isa = PBXFileReference; lastKnownFileType = image.png; path = placeHolder.png; sourceTree = "<group>"; };
		F625FDC31CC4FA1300DC3A62 /* SyBaseViewController.h */ = {isa = PBXFileReference; fileEncoding = 4; lastKnownFileType = sourcecode.c.h; path = SyBaseViewController.h; sourceTree = "<group>"; };
		F625FDC41CC4FA1300DC3A62 /* SyBaseViewController.m */ = {isa = PBXFileReference; fileEncoding = 4; lastKnownFileType = sourcecode.c.objc; path = SyBaseViewController.m; sourceTree = "<group>"; };
		F625FDC61CC5003F00DC3A62 /* SyBaseView.h */ = {isa = PBXFileReference; fileEncoding = 4; lastKnownFileType = sourcecode.c.h; path = SyBaseView.h; sourceTree = "<group>"; };
		F625FDC71CC5003F00DC3A62 /* SyBaseView.m */ = {isa = PBXFileReference; fileEncoding = 4; lastKnownFileType = sourcecode.c.objc; path = SyBaseView.m; sourceTree = "<group>"; };
		F625FDCD1CC503A500DC3A62 /* ShThirdPart.h */ = {isa = PBXFileReference; lastKnownFileType = sourcecode.c.h; path = ShThirdPart.h; sourceTree = "<group>"; };
		F629CB8B1CC5DC2400A7B334 /* SyAlertView.h */ = {isa = PBXFileReference; fileEncoding = 4; lastKnownFileType = sourcecode.c.h; path = SyAlertView.h; sourceTree = "<group>"; };
		F629CB8C1CC5DC2400A7B334 /* SyAlertView.m */ = {isa = PBXFileReference; fileEncoding = 4; lastKnownFileType = sourcecode.c.objc; path = SyAlertView.m; sourceTree = "<group>"; };
		F629CB8E1CC5DFBE00A7B334 /* SyTabBarController.h */ = {isa = PBXFileReference; fileEncoding = 4; lastKnownFileType = sourcecode.c.h; path = SyTabBarController.h; sourceTree = "<group>"; };
		F629CB8F1CC5DFBE00A7B334 /* SyTabBarController.m */ = {isa = PBXFileReference; fileEncoding = 4; lastKnownFileType = sourcecode.c.objc; path = SyTabBarController.m; sourceTree = "<group>"; };
		F629CB9A1CC5E27100A7B334 /* UIColor+Category.h */ = {isa = PBXFileReference; fileEncoding = 4; lastKnownFileType = sourcecode.c.h; path = "UIColor+Category.h"; sourceTree = "<group>"; };
		F629CB9B1CC5E27100A7B334 /* UIColor+Category.m */ = {isa = PBXFileReference; fileEncoding = 4; lastKnownFileType = sourcecode.c.objc; path = "UIColor+Category.m"; sourceTree = "<group>"; };
		F629CB9D1CC5E2E200A7B334 /* NSString+Size.h */ = {isa = PBXFileReference; fileEncoding = 4; lastKnownFileType = sourcecode.c.h; path = "NSString+Size.h"; sourceTree = "<group>"; };
		F629CB9E1CC5E2E200A7B334 /* NSString+Size.m */ = {isa = PBXFileReference; fileEncoding = 4; lastKnownFileType = sourcecode.c.objc; path = "NSString+Size.m"; sourceTree = "<group>"; };
		F629CBA01CC5E32300A7B334 /* UILabel+Size.h */ = {isa = PBXFileReference; fileEncoding = 4; lastKnownFileType = sourcecode.c.h; path = "UILabel+Size.h"; sourceTree = "<group>"; };
		F629CBA11CC5E32300A7B334 /* UILabel+Size.m */ = {isa = PBXFileReference; fileEncoding = 4; lastKnownFileType = sourcecode.c.objc; path = "UILabel+Size.m"; sourceTree = "<group>"; };
		F629CBA31CC5E3BD00A7B334 /* UINavigationController+SyNavigationController.h */ = {isa = PBXFileReference; fileEncoding = 4; lastKnownFileType = sourcecode.c.h; path = "UINavigationController+SyNavigationController.h"; sourceTree = "<group>"; };
		F629CBA41CC5E3BD00A7B334 /* UINavigationController+SyNavigationController.m */ = {isa = PBXFileReference; fileEncoding = 4; lastKnownFileType = sourcecode.c.objc; path = "UINavigationController+SyNavigationController.m"; sourceTree = "<group>"; };
		F629CBA61CC5E44E00A7B334 /* NSDate+convenience.h */ = {isa = PBXFileReference; fileEncoding = 4; lastKnownFileType = sourcecode.c.h; path = "NSDate+convenience.h"; sourceTree = "<group>"; };
		F629CBA71CC5E44E00A7B334 /* NSDate+convenience.m */ = {isa = PBXFileReference; fileEncoding = 4; lastKnownFileType = sourcecode.c.objc; path = "NSDate+convenience.m"; sourceTree = "<group>"; };
		F629CBA91CC5E4D100A7B334 /* NSString+SyString.h */ = {isa = PBXFileReference; fileEncoding = 4; lastKnownFileType = sourcecode.c.h; path = "NSString+SyString.h"; sourceTree = "<group>"; };
		F629CBAA1CC5E4D100A7B334 /* NSString+SyString.m */ = {isa = PBXFileReference; fileEncoding = 4; lastKnownFileType = sourcecode.c.objc; path = "NSString+SyString.m"; sourceTree = "<group>"; };
		F629CBAC1CC5E55300A7B334 /* UIImage+SyImage.h */ = {isa = PBXFileReference; fileEncoding = 4; lastKnownFileType = sourcecode.c.h; path = "UIImage+SyImage.h"; sourceTree = "<group>"; };
		F629CBAD1CC5E55300A7B334 /* UIImage+SyImage.m */ = {isa = PBXFileReference; fileEncoding = 4; lastKnownFileType = sourcecode.c.objc; path = "UIImage+SyImage.m"; sourceTree = "<group>"; };
		F629CBAF1CC5E5BD00A7B334 /* UIView+SyView.h */ = {isa = PBXFileReference; fileEncoding = 4; lastKnownFileType = sourcecode.c.h; path = "UIView+SyView.h"; sourceTree = "<group>"; };
		F629CBB01CC5E5BD00A7B334 /* UIView+SyView.m */ = {isa = PBXFileReference; fileEncoding = 4; lastKnownFileType = sourcecode.c.objc; path = "UIView+SyView.m"; sourceTree = "<group>"; };
		F629CBB21CC5E60800A7B334 /* UIImagePickerController+SyImagePickerController.h */ = {isa = PBXFileReference; fileEncoding = 4; lastKnownFileType = sourcecode.c.h; path = "UIImagePickerController+SyImagePickerController.h"; sourceTree = "<group>"; };
		F629CBB31CC5E60800A7B334 /* UIImagePickerController+SyImagePickerController.m */ = {isa = PBXFileReference; fileEncoding = 4; lastKnownFileType = sourcecode.c.objc; path = "UIImagePickerController+SyImagePickerController.m"; sourceTree = "<group>"; };
		F629CBB51CC5E65600A7B334 /* NSArray+SyArray.h */ = {isa = PBXFileReference; fileEncoding = 4; lastKnownFileType = sourcecode.c.h; path = "NSArray+SyArray.h"; sourceTree = "<group>"; };
		F629CBB61CC5E65600A7B334 /* NSArray+SyArray.m */ = {isa = PBXFileReference; fileEncoding = 4; lastKnownFileType = sourcecode.c.objc; path = "NSArray+SyArray.m"; sourceTree = "<group>"; };
		F629CBB81CC5E6BC00A7B334 /* UIWebView+JavaScriptAlert.h */ = {isa = PBXFileReference; fileEncoding = 4; lastKnownFileType = sourcecode.c.h; path = "UIWebView+JavaScriptAlert.h"; sourceTree = "<group>"; };
		F629CBB91CC5E6BC00A7B334 /* UIWebView+JavaScriptAlert.m */ = {isa = PBXFileReference; fileEncoding = 4; lastKnownFileType = sourcecode.c.objc; path = "UIWebView+JavaScriptAlert.m"; sourceTree = "<group>"; };
		F629CBBB1CC5E78700A7B334 /* UIControl+Monitor.h */ = {isa = PBXFileReference; fileEncoding = 4; lastKnownFileType = sourcecode.c.h; path = "UIControl+Monitor.h"; sourceTree = "<group>"; };
		F629CBBC1CC5E78700A7B334 /* UIControl+Monitor.m */ = {isa = PBXFileReference; fileEncoding = 4; lastKnownFileType = sourcecode.c.objc; path = "UIControl+Monitor.m"; sourceTree = "<group>"; };
		F629CBBE1CC5E80D00A7B334 /* NSNull+OVNatural.h */ = {isa = PBXFileReference; fileEncoding = 4; lastKnownFileType = sourcecode.c.h; path = "NSNull+OVNatural.h"; sourceTree = "<group>"; };
		F629CBBF1CC5E80D00A7B334 /* NSNull+OVNatural.m */ = {isa = PBXFileReference; fileEncoding = 4; lastKnownFileType = sourcecode.c.objc; path = "NSNull+OVNatural.m"; sourceTree = "<group>"; };
		F629CBC11CC5E84600A7B334 /* UIScrollView+AllowPanGestureEventPass.h */ = {isa = PBXFileReference; fileEncoding = 4; lastKnownFileType = sourcecode.c.h; path = "UIScrollView+AllowPanGestureEventPass.h"; sourceTree = "<group>"; };
		F629CBC21CC5E84600A7B334 /* UIScrollView+AllowPanGestureEventPass.m */ = {isa = PBXFileReference; fileEncoding = 4; lastKnownFileType = sourcecode.c.objc; path = "UIScrollView+AllowPanGestureEventPass.m"; sourceTree = "<group>"; };
		F629CBC41CC5EA9C00A7B334 /* SyBaseControl.h */ = {isa = PBXFileReference; fileEncoding = 4; lastKnownFileType = sourcecode.c.h; path = SyBaseControl.h; sourceTree = "<group>"; };
		F629CBC51CC5EA9C00A7B334 /* SyBaseControl.m */ = {isa = PBXFileReference; fileEncoding = 4; lastKnownFileType = sourcecode.c.objc; path = SyBaseControl.m; sourceTree = "<group>"; };
		F629CBC71CC5EAF400A7B334 /* SyFaceView.h */ = {isa = PBXFileReference; fileEncoding = 4; lastKnownFileType = sourcecode.c.h; path = SyFaceView.h; sourceTree = "<group>"; };
		F629CBC81CC5EAF400A7B334 /* SyFaceView.m */ = {isa = PBXFileReference; fileEncoding = 4; lastKnownFileType = sourcecode.c.objc; path = SyFaceView.m; sourceTree = "<group>"; };
		F6A3D1091CBBC27200C2AE22 /* MineViewController.h */ = {isa = PBXFileReference; fileEncoding = 4; lastKnownFileType = sourcecode.c.h; path = MineViewController.h; sourceTree = "<group>"; };
		F6A3D10A1CBBC27200C2AE22 /* MineViewController.m */ = {isa = PBXFileReference; fileEncoding = 4; lastKnownFileType = sourcecode.c.objc; path = MineViewController.m; sourceTree = "<group>"; };
		F6A3D10C1CBBC27F00C2AE22 /* NotifacationViewController.h */ = {isa = PBXFileReference; fileEncoding = 4; lastKnownFileType = sourcecode.c.h; path = NotifacationViewController.h; sourceTree = "<group>"; };
		F6A3D10D1CBBC27F00C2AE22 /* NotifacationViewController.m */ = {isa = PBXFileReference; fileEncoding = 4; lastKnownFileType = sourcecode.c.objc; path = NotifacationViewController.m; sourceTree = "<group>"; };
		F6A3D1101CBBC29900C2AE22 /* DiscoverViewController.h */ = {isa = PBXFileReference; fileEncoding = 4; lastKnownFileType = sourcecode.c.h; path = DiscoverViewController.h; sourceTree = "<group>"; };
		F6A3D1111CBBC29900C2AE22 /* DiscoverViewController.m */ = {isa = PBXFileReference; fileEncoding = 4; lastKnownFileType = sourcecode.c.objc; path = DiscoverViewController.m; sourceTree = "<group>"; };
		F6A3D1141CBBC2B000C2AE22 /* MainViewController.h */ = {isa = PBXFileReference; fileEncoding = 4; lastKnownFileType = sourcecode.c.h; path = MainViewController.h; sourceTree = "<group>"; };
		F6A3D1151CBBC2B000C2AE22 /* MainViewController.m */ = {isa = PBXFileReference; fileEncoding = 4; lastKnownFileType = sourcecode.c.objc; path = MainViewController.m; sourceTree = "<group>"; };
		F6C389B21CCF7C9C0055298F /* ZipKit.framework */ = {isa = PBXFileReference; lastKnownFileType = wrapper.framework; path = ZipKit.framework; sourceTree = "<group>"; };
		F6D53CC61CCF863C000B1480 /* 778913468791490474930525_portal.html */ = {isa = PBXFileReference; fileEncoding = 4; lastKnownFileType = text.html; path = 778913468791490474930525_portal.html; sourceTree = "<group>"; };
		F6D53CC81CCF864A000B1480 /* portal.zip */ = {isa = PBXFileReference; lastKnownFileType = archive.zip; path = portal.zip; sourceTree = "<group>"; };
		F6D53D1A1CD057AB000B1480 /* Model.h */ = {isa = PBXFileReference; fileEncoding = 4; lastKnownFileType = sourcecode.c.h; path = Model.h; sourceTree = "<group>"; };
		F6D53D1B1CD057AB000B1480 /* Model.m */ = {isa = PBXFileReference; fileEncoding = 4; lastKnownFileType = sourcecode.c.objc; path = Model.m; sourceTree = "<group>"; };
		F6D53D1D1CD05A77000B1480 /* json.json */ = {isa = PBXFileReference; fileEncoding = 4; lastKnownFileType = text.json; path = json.json; sourceTree = "<group>"; };
		F6D53D1F1CD07E81000B1480 /* BaseModel.h */ = {isa = PBXFileReference; fileEncoding = 4; lastKnownFileType = sourcecode.c.h; path = BaseModel.h; sourceTree = "<group>"; };
		F6D53D201CD07E81000B1480 /* BaseModel.m */ = {isa = PBXFileReference; fileEncoding = 4; lastKnownFileType = sourcecode.c.objc; path = BaseModel.m; sourceTree = "<group>"; };
		F6D53D221CD08A0D000B1480 /* UserModel.h */ = {isa = PBXFileReference; fileEncoding = 4; lastKnownFileType = sourcecode.c.h; path = UserModel.h; sourceTree = "<group>"; };
		F6D53D231CD08A0D000B1480 /* UserModel.m */ = {isa = PBXFileReference; fileEncoding = 4; lastKnownFileType = sourcecode.c.objc; path = UserModel.m; sourceTree = "<group>"; };
		F6D53D391CD09FA3000B1480 /* SyBaseResponse.h */ = {isa = PBXFileReference; fileEncoding = 4; lastKnownFileType = sourcecode.c.h; path = SyBaseResponse.h; sourceTree = "<group>"; };
		F6D53D3A1CD09FA3000B1480 /* SyBaseResponse.m */ = {isa = PBXFileReference; fileEncoding = 4; lastKnownFileType = sourcecode.c.objc; path = SyBaseResponse.m; sourceTree = "<group>"; };
		F6D53D3C1CD0A025000B1480 /* SyBaseRequest.h */ = {isa = PBXFileReference; fileEncoding = 4; lastKnownFileType = sourcecode.c.h; path = SyBaseRequest.h; sourceTree = "<group>"; };
		F6D53D3D1CD0A025000B1480 /* SyBaseRequest.m */ = {isa = PBXFileReference; fileEncoding = 4; lastKnownFileType = sourcecode.c.objc; path = SyBaseRequest.m; sourceTree = "<group>"; };
		F6D53D3F1CD0A1FD000B1480 /* SyHttpHeaderMakerUtils.h */ = {isa = PBXFileReference; fileEncoding = 4; lastKnownFileType = sourcecode.c.h; path = SyHttpHeaderMakerUtils.h; sourceTree = "<group>"; };
		F6D53D401CD0A1FD000B1480 /* SyHttpHeaderMakerUtils.m */ = {isa = PBXFileReference; fileEncoding = 4; lastKnownFileType = sourcecode.c.objc; path = SyHttpHeaderMakerUtils.m; sourceTree = "<group>"; };
		F6D53D421CD0A279000B1480 /* SyServerManager.h */ = {isa = PBXFileReference; fileEncoding = 4; lastKnownFileType = sourcecode.c.h; path = SyServerManager.h; sourceTree = "<group>"; };
		F6D53D431CD0A279000B1480 /* SyServerManager.m */ = {isa = PBXFileReference; fileEncoding = 4; lastKnownFileType = sourcecode.c.objc; path = SyServerManager.m; sourceTree = "<group>"; };
		F6D53D451CD0A3D1000B1480 /* SyCacheManager.h */ = {isa = PBXFileReference; fileEncoding = 4; lastKnownFileType = sourcecode.c.h; name = SyCacheManager.h; path = ../SyBase/SyCacheManager.h; sourceTree = "<group>"; };
		F6D53D461CD0A3D1000B1480 /* SyCacheManager.m */ = {isa = PBXFileReference; fileEncoding = 4; lastKnownFileType = sourcecode.c.objc; name = SyCacheManager.m; path = ../SyBase/SyCacheManager.m; sourceTree = "<group>"; };
		F6D53D471CD0A3D1000B1480 /* SyFileManager.h */ = {isa = PBXFileReference; fileEncoding = 4; lastKnownFileType = sourcecode.c.h; name = SyFileManager.h; path = ../SyBase/SyFileManager.h; sourceTree = "<group>"; };
		F6D53D481CD0A3D1000B1480 /* SyFileManager.m */ = {isa = PBXFileReference; fileEncoding = 4; lastKnownFileType = sourcecode.c.objc; name = SyFileManager.m; path = ../SyBase/SyFileManager.m; sourceTree = "<group>"; };
		F6D53D501CD0A8B2000B1480 /* NSArray+SyArray.h */ = {isa = PBXFileReference; fileEncoding = 4; lastKnownFileType = sourcecode.c.h; path = "NSArray+SyArray.h"; sourceTree = "<group>"; };
		F6D53D511CD0A8B2000B1480 /* NSArray+SyArray.m */ = {isa = PBXFileReference; fileEncoding = 4; lastKnownFileType = sourcecode.c.objc; path = "NSArray+SyArray.m"; sourceTree = "<group>"; };
		F6D53D521CD0A8B2000B1480 /* NSDate+convenience.h */ = {isa = PBXFileReference; fileEncoding = 4; lastKnownFileType = sourcecode.c.h; path = "NSDate+convenience.h"; sourceTree = "<group>"; };
		F6D53D531CD0A8B2000B1480 /* NSDate+convenience.m */ = {isa = PBXFileReference; fileEncoding = 4; lastKnownFileType = sourcecode.c.objc; path = "NSDate+convenience.m"; sourceTree = "<group>"; };
		F6D53D541CD0A8B2000B1480 /* NSNull+OVNatural.h */ = {isa = PBXFileReference; fileEncoding = 4; lastKnownFileType = sourcecode.c.h; path = "NSNull+OVNatural.h"; sourceTree = "<group>"; };
		F6D53D551CD0A8B2000B1480 /* NSNull+OVNatural.m */ = {isa = PBXFileReference; fileEncoding = 4; lastKnownFileType = sourcecode.c.objc; path = "NSNull+OVNatural.m"; sourceTree = "<group>"; };
		F6D53D561CD0A8B2000B1480 /* NSString+Size.h */ = {isa = PBXFileReference; fileEncoding = 4; lastKnownFileType = sourcecode.c.h; path = "NSString+Size.h"; sourceTree = "<group>"; };
		F6D53D571CD0A8B2000B1480 /* NSString+Size.m */ = {isa = PBXFileReference; fileEncoding = 4; lastKnownFileType = sourcecode.c.objc; path = "NSString+Size.m"; sourceTree = "<group>"; };
		F6D53D581CD0A8B2000B1480 /* NSString+SyString.h */ = {isa = PBXFileReference; fileEncoding = 4; lastKnownFileType = sourcecode.c.h; path = "NSString+SyString.h"; sourceTree = "<group>"; };
		F6D53D591CD0A8B2000B1480 /* NSString+SyString.m */ = {isa = PBXFileReference; fileEncoding = 4; lastKnownFileType = sourcecode.c.objc; path = "NSString+SyString.m"; sourceTree = "<group>"; };
		F6D53D7E1CD0A9DD000B1480 /* NSObject+JSON.h */ = {isa = PBXFileReference; fileEncoding = 4; lastKnownFileType = sourcecode.c.h; path = "NSObject+JSON.h"; sourceTree = "<group>"; };
		F6D53D7F1CD0A9DD000B1480 /* NSObject+JSON.m */ = {isa = PBXFileReference; fileEncoding = 4; lastKnownFileType = sourcecode.c.objc; path = "NSObject+JSON.m"; sourceTree = "<group>"; };
		F6D53D821CD0B0A0000B1480 /* SyBaseProvider.h */ = {isa = PBXFileReference; fileEncoding = 4; lastKnownFileType = sourcecode.c.h; path = SyBaseProvider.h; sourceTree = "<group>"; };
		F6D53D831CD0B0A0000B1480 /* SyBaseProvider.m */ = {isa = PBXFileReference; fileEncoding = 4; lastKnownFileType = sourcecode.c.objc; path = SyBaseProvider.m; sourceTree = "<group>"; };
		F6D53D851CD0B7E5000B1480 /* SyURLConnection.h */ = {isa = PBXFileReference; fileEncoding = 4; lastKnownFileType = sourcecode.c.h; path = SyURLConnection.h; sourceTree = "<group>"; };
		F6D53D861CD0B7E5000B1480 /* SyURLConnection.m */ = {isa = PBXFileReference; fileEncoding = 4; lastKnownFileType = sourcecode.c.objc; path = SyURLConnection.m; sourceTree = "<group>"; };
		F6D53D881CD0C9C2000B1480 /* SyURLProvider.h */ = {isa = PBXFileReference; fileEncoding = 4; lastKnownFileType = sourcecode.c.h; name = SyURLProvider.h; path = ../Request/SyURLProvider.h; sourceTree = "<group>"; };
		F6D53D891CD0C9C2000B1480 /* SyURLProvider.m */ = {isa = PBXFileReference; fileEncoding = 4; lastKnownFileType = sourcecode.c.objc; name = SyURLProvider.m; path = ../Request/SyURLProvider.m; sourceTree = "<group>"; };
		F6D53D8F1CD0CF8E000B1480 /* SyLoginRequest.h */ = {isa = PBXFileReference; fileEncoding = 4; lastKnownFileType = sourcecode.c.h; path = SyLoginRequest.h; sourceTree = "<group>"; };
		F6D53D901CD0CF8E000B1480 /* SyLoginRequest.m */ = {isa = PBXFileReference; fileEncoding = 4; lastKnownFileType = sourcecode.c.objc; path = SyLoginRequest.m; sourceTree = "<group>"; };
		F6D53D931CD0D110000B1480 /* SyBase64.h */ = {isa = PBXFileReference; fileEncoding = 4; lastKnownFileType = sourcecode.c.h; path = SyBase64.h; sourceTree = "<group>"; };
		F6D53D941CD0D110000B1480 /* SyBase64.m */ = {isa = PBXFileReference; fileEncoding = 4; lastKnownFileType = sourcecode.c.objc; path = SyBase64.m; sourceTree = "<group>"; };
		F6D53D951CD0D110000B1480 /* SyDefines.h */ = {isa = PBXFileReference; fileEncoding = 4; lastKnownFileType = sourcecode.c.h; path = SyDefines.h; sourceTree = "<group>"; };
		F6D53D961CD0D110000B1480 /* SySecurityUtil.h */ = {isa = PBXFileReference; fileEncoding = 4; lastKnownFileType = sourcecode.c.h; path = SySecurityUtil.h; sourceTree = "<group>"; };
		F6D53D971CD0D110000B1480 /* SySecurityUtil.m */ = {isa = PBXFileReference; fileEncoding = 4; lastKnownFileType = sourcecode.c.objc; path = SySecurityUtil.m; sourceTree = "<group>"; };
		F6D53D9A1CD0E1A4000B1480 /* SyWebView.h */ = {isa = PBXFileReference; fileEncoding = 4; lastKnownFileType = sourcecode.c.h; path = SyWebView.h; sourceTree = "<group>"; };
		F6D53D9B1CD0E1A4000B1480 /* SyWebView.m */ = {isa = PBXFileReference; fileEncoding = 4; lastKnownFileType = sourcecode.c.objc; path = SyWebView.m; sourceTree = "<group>"; };
		F6D53D9E1CD0E441000B1480 /* MHomeUnReadObject.h */ = {isa = PBXFileReference; fileEncoding = 4; lastKnownFileType = sourcecode.c.h; path = MHomeUnReadObject.h; sourceTree = "<group>"; };
		F6D53D9F1CD0E441000B1480 /* MHomeUnReadObject.m */ = {isa = PBXFileReference; fileEncoding = 4; lastKnownFileType = sourcecode.c.objc; path = MHomeUnReadObject.m; sourceTree = "<group>"; };
		F6DA6E7F1CC5D067008B07E5 /* AppDelegate.h */ = {isa = PBXFileReference; fileEncoding = 4; lastKnownFileType = sourcecode.c.h; name = AppDelegate.h; path = DAJIA_SIMPLE/AppDelegate.h; sourceTree = SOURCE_ROOT; };
		F6DA6E801CC5D067008B07E5 /* AppDelegate.m */ = {isa = PBXFileReference; fileEncoding = 4; lastKnownFileType = sourcecode.c.objc; name = AppDelegate.m; path = DAJIA_SIMPLE/AppDelegate.m; sourceTree = SOURCE_ROOT; };
		F6DA6E821CC5D0FA008B07E5 /* RootViewController.h */ = {isa = PBXFileReference; fileEncoding = 4; lastKnownFileType = sourcecode.c.h; name = RootViewController.h; path = DAJIA_SIMPLE/CLasses/ViewControllers/RootViewController.h; sourceTree = SOURCE_ROOT; };
		F6DA6E831CC5D0FA008B07E5 /* RootViewController.m */ = {isa = PBXFileReference; fileEncoding = 4; lastKnownFileType = sourcecode.c.objc; name = RootViewController.m; path = DAJIA_SIMPLE/CLasses/ViewControllers/RootViewController.m; sourceTree = SOURCE_ROOT; };
		F6E27C1E1CC0E70300CD6E52 /* GuidePageVIew.h */ = {isa = PBXFileReference; fileEncoding = 4; lastKnownFileType = sourcecode.c.h; path = GuidePageVIew.h; sourceTree = "<group>"; };
		F6E27C1F1CC0E70300CD6E52 /* GuidePageVIew.m */ = {isa = PBXFileReference; fileEncoding = 4; lastKnownFileType = sourcecode.c.objc; path = GuidePageVIew.m; sourceTree = "<group>"; };
		F6E27C251CC0ED3000CD6E52 /* GuideImages */ = {isa = PBXFileReference; lastKnownFileType = folder; path = GuideImages; sourceTree = "<group>"; };
		F6E79AEA1CAE205300DEE882 /* ShDevice.h */ = {isa = PBXFileReference; fileEncoding = 4; lastKnownFileType = sourcecode.c.h; path = ShDevice.h; sourceTree = "<group>"; };
		F6E79AEB1CAE233400DEE882 /* Sh_UDID_UUID_Tools.h */ = {isa = PBXFileReference; fileEncoding = 4; lastKnownFileType = sourcecode.c.h; path = Sh_UDID_UUID_Tools.h; sourceTree = "<group>"; };
		F6E79AEC1CAE233400DEE882 /* Sh_UDID_UUID_Tools.m */ = {isa = PBXFileReference; fileEncoding = 4; lastKnownFileType = sourcecode.c.objc; path = Sh_UDID_UUID_Tools.m; sourceTree = "<group>"; };
		F6FB12871CC6225C00A939B8 /* SyBaseNavViewController.h */ = {isa = PBXFileReference; fileEncoding = 4; lastKnownFileType = sourcecode.c.h; path = SyBaseNavViewController.h; sourceTree = "<group>"; };
		F6FB12881CC6225C00A939B8 /* SyBaseNavViewController.m */ = {isa = PBXFileReference; fileEncoding = 4; lastKnownFileType = sourcecode.c.objc; path = SyBaseNavViewController.m; sourceTree = "<group>"; };
		F6FB128A1CC6236B00A939B8 /* SyConstant.h */ = {isa = PBXFileReference; fileEncoding = 4; lastKnownFileType = sourcecode.c.h; path = SyConstant.h; sourceTree = "<group>"; };
		F6FB128B1CC624D500A939B8 /* SyBaseNavView.h */ = {isa = PBXFileReference; fileEncoding = 4; lastKnownFileType = sourcecode.c.h; path = SyBaseNavView.h; sourceTree = "<group>"; };
		F6FB128C1CC624D500A939B8 /* SyBaseNavView.m */ = {isa = PBXFileReference; fileEncoding = 4; lastKnownFileType = sourcecode.c.objc; path = SyBaseNavView.m; sourceTree = "<group>"; };
		F6FB128E1CC6253900A939B8 /* SyNavigationBar.h */ = {isa = PBXFileReference; fileEncoding = 4; lastKnownFileType = sourcecode.c.h; path = SyNavigationBar.h; sourceTree = "<group>"; };
		F6FB128F1CC6253900A939B8 /* SyNavigationBar.m */ = {isa = PBXFileReference; fileEncoding = 4; lastKnownFileType = sourcecode.c.objc; path = SyNavigationBar.m; sourceTree = "<group>"; };
		F6FB12911CC62B9000A939B8 /* SyButton.h */ = {isa = PBXFileReference; fileEncoding = 4; lastKnownFileType = sourcecode.c.h; path = SyButton.h; sourceTree = "<group>"; };
		F6FB12921CC62B9000A939B8 /* SyButton.m */ = {isa = PBXFileReference; fileEncoding = 4; lastKnownFileType = sourcecode.c.objc; path = SyButton.m; sourceTree = "<group>"; };
		F6FE31351CD1F496003A2F11 /* ShRentViewController.h */ = {isa = PBXFileReference; fileEncoding = 4; lastKnownFileType = sourcecode.c.h; path = ShRentViewController.h; sourceTree = "<group>"; };
		F6FE31361CD1F496003A2F11 /* ShRentViewController.m */ = {isa = PBXFileReference; fileEncoding = 4; lastKnownFileType = sourcecode.c.objc; path = ShRentViewController.m; sourceTree = "<group>"; };
		F6FE313A1CD1F525003A2F11 /* ShBaseTableView.h */ = {isa = PBXFileReference; fileEncoding = 4; lastKnownFileType = sourcecode.c.h; path = ShBaseTableView.h; sourceTree = "<group>"; };
		F6FE313B1CD1F525003A2F11 /* ShBaseTableView.m */ = {isa = PBXFileReference; fileEncoding = 4; lastKnownFileType = sourcecode.c.objc; path = ShBaseTableView.m; sourceTree = "<group>"; };
		F6FE313D1CD1F74F003A2F11 /* RentHelper.h */ = {isa = PBXFileReference; fileEncoding = 4; lastKnownFileType = sourcecode.c.h; path = RentHelper.h; sourceTree = "<group>"; };
		F6FE313E1CD1F74F003A2F11 /* RentHelper.m */ = {isa = PBXFileReference; fileEncoding = 4; lastKnownFileType = sourcecode.c.objc; path = RentHelper.m; sourceTree = "<group>"; };
		F6FE31411CD1F8C6003A2F11 /* ShImageBtn.h */ = {isa = PBXFileReference; fileEncoding = 4; lastKnownFileType = sourcecode.c.h; path = ShImageBtn.h; sourceTree = "<group>"; };
		F6FE31421CD1F8C6003A2F11 /* ShImageBtn.m */ = {isa = PBXFileReference; fileEncoding = 4; lastKnownFileType = sourcecode.c.objc; path = ShImageBtn.m; sourceTree = "<group>"; };
		F6FE31441CD1F95C003A2F11 /* ShRentHeaderView.h */ = {isa = PBXFileReference; fileEncoding = 4; lastKnownFileType = sourcecode.c.h; path = ShRentHeaderView.h; sourceTree = "<group>"; };
		F6FE31451CD1F95C003A2F11 /* ShRentHeaderView.m */ = {isa = PBXFileReference; fileEncoding = 4; lastKnownFileType = sourcecode.c.objc; path = ShRentHeaderView.m; sourceTree = "<group>"; };
		F6FE31471CD1FC38003A2F11 /* RentPlaceHolder.png */ = {isa = PBXFileReference; lastKnownFileType = image.png; path = RentPlaceHolder.png; sourceTree = "<group>"; };
		F6FE31491CD1FE09003A2F11 /* FooViewController.h */ = {isa = PBXFileReference; fileEncoding = 4; lastKnownFileType = sourcecode.c.h; path = FooViewController.h; sourceTree = "<group>"; };
		F6FE314A1CD1FE09003A2F11 /* FooViewController.m */ = {isa = PBXFileReference; fileEncoding = 4; lastKnownFileType = sourcecode.c.objc; path = FooViewController.m; sourceTree = "<group>"; };
		F6FE314D1CD21504003A2F11 /* ShBaseTableViewCell.h */ = {isa = PBXFileReference; fileEncoding = 4; lastKnownFileType = sourcecode.c.h; path = ShBaseTableViewCell.h; sourceTree = "<group>"; };
		F6FE314E1CD21504003A2F11 /* ShBaseTableViewCell.m */ = {isa = PBXFileReference; fileEncoding = 4; lastKnownFileType = sourcecode.c.objc; path = ShBaseTableViewCell.m; sourceTree = "<group>"; };
		F6FE31551CD21E78003A2F11 /* RentNotificationModel.h */ = {isa = PBXFileReference; fileEncoding = 4; lastKnownFileType = sourcecode.c.h; path = RentNotificationModel.h; sourceTree = "<group>"; };
		F6FE31561CD21E78003A2F11 /* RentNotificationModel.m */ = {isa = PBXFileReference; fileEncoding = 4; lastKnownFileType = sourcecode.c.objc; path = RentNotificationModel.m; sourceTree = "<group>"; };
		F6FE31641CD223E8003A2F11 /* RentCommonCell.h */ = {isa = PBXFileReference; fileEncoding = 4; lastKnownFileType = sourcecode.c.h; path = RentCommonCell.h; sourceTree = "<group>"; };
		F6FE31651CD223E8003A2F11 /* RentCommonCell.m */ = {isa = PBXFileReference; fileEncoding = 4; lastKnownFileType = sourcecode.c.objc; path = RentCommonCell.m; sourceTree = "<group>"; };
		F6FE31671CD225CF003A2F11 /* RentTableViewController.h */ = {isa = PBXFileReference; fileEncoding = 4; lastKnownFileType = sourcecode.c.h; path = RentTableViewController.h; sourceTree = "<group>"; };
		F6FE31681CD225CF003A2F11 /* RentTableViewController.m */ = {isa = PBXFileReference; fileEncoding = 4; lastKnownFileType = sourcecode.c.objc; path = RentTableViewController.m; sourceTree = "<group>"; };
		F6FE316F1CD22C20003A2F11 /* RentInfoViewController.h */ = {isa = PBXFileReference; fileEncoding = 4; lastKnownFileType = sourcecode.c.h; path = RentInfoViewController.h; sourceTree = "<group>"; };
		F6FE31701CD22C20003A2F11 /* RentInfoViewController.m */ = {isa = PBXFileReference; fileEncoding = 4; lastKnownFileType = sourcecode.c.objc; path = RentInfoViewController.m; sourceTree = "<group>"; };
		F6FE31721CD22E66003A2F11 /* RentCommonCellModel.h */ = {isa = PBXFileReference; fileEncoding = 4; lastKnownFileType = sourcecode.c.h; path = RentCommonCellModel.h; sourceTree = "<group>"; };
		F6FE31731CD22E66003A2F11 /* RentCommonCellModel.m */ = {isa = PBXFileReference; fileEncoding = 4; lastKnownFileType = sourcecode.c.objc; path = RentCommonCellModel.m; sourceTree = "<group>"; };
		F6FE31751CD23052003A2F11 /* RentCustomerController.h */ = {isa = PBXFileReference; fileEncoding = 4; lastKnownFileType = sourcecode.c.h; path = RentCustomerController.h; sourceTree = "<group>"; };
		F6FE31761CD23052003A2F11 /* RentCustomerController.m */ = {isa = PBXFileReference; fileEncoding = 4; lastKnownFileType = sourcecode.c.objc; path = RentCustomerController.m; sourceTree = "<group>"; };
		F6FFE3841CAD272400B2DE7A /* ShCommonUI.h */ = {isa = PBXFileReference; fileEncoding = 4; lastKnownFileType = sourcecode.c.h; path = ShCommonUI.h; sourceTree = "<group>"; };
/* End PBXFileReference section */

/* Begin PBXFrameworksBuildPhase section */
		F6045BDE1CACFEA8006BDA6F /* Frameworks */ = {
			isa = PBXFrameworksBuildPhase;
			buildActionMask = 2147483647;
			files = (
				1607CB6EB1187EBE5A005DC2 /* libPods.a in Frameworks */,
				F6C389B31CCF7C9C0055298F /* ZipKit.framework in Frameworks */,
			);
			runOnlyForDeploymentPostprocessing = 0;
		};
/* End PBXFrameworksBuildPhase section */

/* Begin PBXGroup section */
		0136FBB18A3B55F849E1D02C /* Frameworks */ = {
			isa = PBXGroup;
			children = (
				F6C389B21CCF7C9C0055298F /* ZipKit.framework */,
				9FDEF3BAED531224B97E25CF /* libPods.a */,
			);
			name = Frameworks;
			sourceTree = "<group>";
		};
		79EEDAA7E9815A8DF1C3BC39 /* Pods */ = {
			isa = PBXGroup;
			children = (
				2ADBDC4FC7F88637FB03FC4E /* Pods.debug.xcconfig */,
				4B3A1F96C879E6A5943D2C6A /* Pods.release.xcconfig */,
			);
			name = Pods;
			sourceTree = "<group>";
		};
		F6045BD81CACFEA8006BDA6F = {
			isa = PBXGroup;
			children = (
				F6D53CC81CCF864A000B1480 /* portal.zip */,
				F6D53CC61CCF863C000B1480 /* 778913468791490474930525_portal.html */,
				F6D53D2E1CD09ADE000B1480 /* DaJiaCore */,
				F6045BE31CACFEA8006BDA6F /* DAJIA_SIMPLE */,
				F6045BE21CACFEA8006BDA6F /* Products */,
				79EEDAA7E9815A8DF1C3BC39 /* Pods */,
				0136FBB18A3B55F849E1D02C /* Frameworks */,
			);
			sourceTree = "<group>";
		};
		F6045BE21CACFEA8006BDA6F /* Products */ = {
			isa = PBXGroup;
			children = (
				F6045BE11CACFEA8006BDA6F /* DAJIA_SIMPLE.app */,
			);
			name = Products;
			sourceTree = "<group>";
		};
		F6045BE31CACFEA8006BDA6F /* DAJIA_SIMPLE */ = {
			isa = PBXGroup;
			children = (
				F6045BFB1CACFED3006BDA6F /* CLasses */,
				F6045BE41CACFEA8006BDA6F /* Supporting Files */,
			);
			path = DAJIA_SIMPLE;
			sourceTree = "<group>";
		};
		F6045BE41CACFEA8006BDA6F /* Supporting Files */ = {
			isa = PBXGroup;
			children = (
				F6045BED1CACFEA8006BDA6F /* Main.storyboard */,
				F6045BF01CACFEA8006BDA6F /* Assets.xcassets */,
				F6045BF21CACFEA8006BDA6F /* LaunchScreen.storyboard */,
				F6045BF51CACFEA8006BDA6F /* Info.plist */,
				F6045BE51CACFEA8006BDA6F /* main.m */,
			);
			name = "Supporting Files";
			sourceTree = "<group>";
		};
		F6045BFB1CACFED3006BDA6F /* CLasses */ = {
			isa = PBXGroup;
			children = (
				F6C389B11CCF73450055298F /* MLT_Groups */,
				F6FE31161CD1B036003A2F11 /* LuoBo_Rent */,
				F6045BFD1CAD00E6006BDA6F /* AppDelegate */,
				F6045C021CAD0141006BDA6F /* ViewControllers */,
				F6045BFE1CAD00E6006BDA6F /* Marcos */,
				F6045BFF1CAD00E6006BDA6F /* Resources */,
				F6045C001CAD00E6006BDA6F /* Utils */,
				F629CBD21CC607F100A7B334 /* Models */,
				F625FDC01CC4E99300DC3A62 /* Common */,
				F6E27C1C1CC0E65500CD6E52 /* Settings */,
				F6045C011CAD00E6006BDA6F /* Vendors */,
			);
			path = CLasses;
			sourceTree = "<group>";
		};
		F6045BFD1CAD00E6006BDA6F /* AppDelegate */ = {
			isa = PBXGroup;
			children = (
				F6DA6E821CC5D0FA008B07E5 /* RootViewController.h */,
				F6DA6E831CC5D0FA008B07E5 /* RootViewController.m */,
				F6DA6E7F1CC5D067008B07E5 /* AppDelegate.h */,
				F6DA6E801CC5D067008B07E5 /* AppDelegate.m */,
			);
			path = AppDelegate;
			sourceTree = "<group>";
		};
		F6045BFE1CAD00E6006BDA6F /* Marcos */ = {
			isa = PBXGroup;
			children = (
				F6045C0F1CAD0375006BDA6F /* DAJIA_prefix.pch */,
				F6FFE3841CAD272400B2DE7A /* ShCommonUI.h */,
				F6E79AEA1CAE205300DEE882 /* ShDevice.h */,
				F625FDCD1CC503A500DC3A62 /* ShThirdPart.h */,
				F6FB128A1CC6236B00A939B8 /* SyConstant.h */,
			);
			path = Marcos;
			sourceTree = "<group>";
		};
		F6045BFF1CAD00E6006BDA6F /* Resources */ = {
			isa = PBXGroup;
			children = (
				F6218B741CC9C0890021D3BF /* placeHolder.png */,
				F6E27C251CC0ED3000CD6E52 /* GuideImages */,
			);
			path = Resources;
			sourceTree = "<group>";
		};
		F6045C001CAD00E6006BDA6F /* Utils */ = {
			isa = PBXGroup;
			children = (
				F629CB961CC5E1F700A7B334 /* Tools */,
				F629CB951CC5E1E600A7B334 /* Managers */,
				F629CB941CC5E1D200A7B334 /* Categories */,
			);
			path = Utils;
			sourceTree = "<group>";
		};
		F6045C011CAD00E6006BDA6F /* Vendors */ = {
			isa = PBXGroup;
			children = (
			);
			path = Vendors;
			sourceTree = "<group>";
		};
		F6045C021CAD0141006BDA6F /* ViewControllers */ = {
			isa = PBXGroup;
			children = (
				F6A3D1081CBBC21200C2AE22 /* MineVC */,
				F6A3D1071CBBC1EC00C2AE22 /* NotificationVC */,
				F6A3D1061CBBC1E200C2AE22 /* DiscoverVC */,
				F6A3D1051CBBC1D700C2AE22 /* MainVC */,
				F6045C0E1CAD02CA006BDA6F /* GuidePage */,
			);
			path = ViewControllers;
			sourceTree = "<group>";
		};
		F6045C0E1CAD02CA006BDA6F /* GuidePage */ = {
			isa = PBXGroup;
			children = (
			);
			name = GuidePage;
			path = Register/GuidePage;
			sourceTree = "<group>";
		};
		F60BF60A1CD36CE200B6678E /* View */ = {
			isa = PBXGroup;
			children = (
			);
			name = View;
			sourceTree = "<group>";
		};
		F60BF60B1CD36CE700B6678E /* Model */ = {
			isa = PBXGroup;
			children = (
			);
			name = Model;
			sourceTree = "<group>";
		};
		F60BF60C1CD36CF400B6678E /* ViewController */ = {
			isa = PBXGroup;
			children = (
			);
			name = ViewController;
			sourceTree = "<group>";
		};
		F625FDC01CC4E99300DC3A62 /* Common */ = {
			isa = PBXGroup;
			children = (
				F629CB8A1CC5DBF900A7B334 /* CommonView */,
				F625FDC21CC4E9DC00DC3A62 /* BaseVC */,
				F625FDC11CC4E9CF00DC3A62 /* BaseView */,
			);
			path = Common;
			sourceTree = "<group>";
		};
		F625FDC11CC4E9CF00DC3A62 /* BaseView */ = {
			isa = PBXGroup;
			children = (
				F6FB128B1CC624D500A939B8 /* SyBaseNavView.h */,
				F6FB128C1CC624D500A939B8 /* SyBaseNavView.m */,
				F625FDC61CC5003F00DC3A62 /* SyBaseView.h */,
				F625FDC71CC5003F00DC3A62 /* SyBaseView.m */,
				F629CBC41CC5EA9C00A7B334 /* SyBaseControl.h */,
				F629CBC51CC5EA9C00A7B334 /* SyBaseControl.m */,
			);
			name = BaseView;
			sourceTree = "<group>";
		};
		F625FDC21CC4E9DC00DC3A62 /* BaseVC */ = {
			isa = PBXGroup;
			children = (
				F625FDC31CC4FA1300DC3A62 /* SyBaseViewController.h */,
				F625FDC41CC4FA1300DC3A62 /* SyBaseViewController.m */,
				F6FB12871CC6225C00A939B8 /* SyBaseNavViewController.h */,
				F6FB12881CC6225C00A939B8 /* SyBaseNavViewController.m */,
			);
			name = BaseVC;
			sourceTree = "<group>";
		};
		F629CB8A1CC5DBF900A7B334 /* CommonView */ = {
			isa = PBXGroup;
			children = (
				F629CB8B1CC5DC2400A7B334 /* SyAlertView.h */,
				F629CB8C1CC5DC2400A7B334 /* SyAlertView.m */,
				F629CB8E1CC5DFBE00A7B334 /* SyTabBarController.h */,
				F629CB8F1CC5DFBE00A7B334 /* SyTabBarController.m */,
				F629CBC71CC5EAF400A7B334 /* SyFaceView.h */,
				F629CBC81CC5EAF400A7B334 /* SyFaceView.m */,
				F6FB128E1CC6253900A939B8 /* SyNavigationBar.h */,
				F6FB128F1CC6253900A939B8 /* SyNavigationBar.m */,
				F6FB12911CC62B9000A939B8 /* SyButton.h */,
				F6FB12921CC62B9000A939B8 /* SyButton.m */,
				F621571C1CC735B7005ED14F /* SyRecordView.h */,
				F621571D1CC735B7005ED14F /* SyRecordView.m */,
				F621571F1CC767FC005ED14F /* SyFeedCreateToolView.h */,
				F62157201CC767FC005ED14F /* SyFeedCreateToolView.m */,
				F62157221CC76872005ED14F /* SyView.h */,
				F62157231CC76872005ED14F /* SyView.m */,
			);
			name = CommonView;
			sourceTree = "<group>";
		};
		F629CB941CC5E1D200A7B334 /* Categories */ = {
			isa = PBXGroup;
			children = (
				F629CB9A1CC5E27100A7B334 /* UIColor+Category.h */,
				F629CB9B1CC5E27100A7B334 /* UIColor+Category.m */,
				F629CB9D1CC5E2E200A7B334 /* NSString+Size.h */,
				F629CB9E1CC5E2E200A7B334 /* NSString+Size.m */,
				F629CBA01CC5E32300A7B334 /* UILabel+Size.h */,
				F629CBA11CC5E32300A7B334 /* UILabel+Size.m */,
				F629CBA31CC5E3BD00A7B334 /* UINavigationController+SyNavigationController.h */,
				F629CBA41CC5E3BD00A7B334 /* UINavigationController+SyNavigationController.m */,
				F629CBA61CC5E44E00A7B334 /* NSDate+convenience.h */,
				F629CBA71CC5E44E00A7B334 /* NSDate+convenience.m */,
				F629CBA91CC5E4D100A7B334 /* NSString+SyString.h */,
				F629CBAA1CC5E4D100A7B334 /* NSString+SyString.m */,
				F629CBAC1CC5E55300A7B334 /* UIImage+SyImage.h */,
				F629CBAD1CC5E55300A7B334 /* UIImage+SyImage.m */,
				F629CBAF1CC5E5BD00A7B334 /* UIView+SyView.h */,
				F629CBB01CC5E5BD00A7B334 /* UIView+SyView.m */,
				F629CBB21CC5E60800A7B334 /* UIImagePickerController+SyImagePickerController.h */,
				F629CBB31CC5E60800A7B334 /* UIImagePickerController+SyImagePickerController.m */,
				F629CBB51CC5E65600A7B334 /* NSArray+SyArray.h */,
				F629CBB61CC5E65600A7B334 /* NSArray+SyArray.m */,
				F629CBB81CC5E6BC00A7B334 /* UIWebView+JavaScriptAlert.h */,
				F629CBB91CC5E6BC00A7B334 /* UIWebView+JavaScriptAlert.m */,
				F629CBBB1CC5E78700A7B334 /* UIControl+Monitor.h */,
				F629CBBC1CC5E78700A7B334 /* UIControl+Monitor.m */,
				F629CBBE1CC5E80D00A7B334 /* NSNull+OVNatural.h */,
				F629CBBF1CC5E80D00A7B334 /* NSNull+OVNatural.m */,
				F629CBC11CC5E84600A7B334 /* UIScrollView+AllowPanGestureEventPass.h */,
				F629CBC21CC5E84600A7B334 /* UIScrollView+AllowPanGestureEventPass.m */,
			);
			name = Categories;
			sourceTree = "<group>";
		};
		F629CB951CC5E1E600A7B334 /* Managers */ = {
			isa = PBXGroup;
			children = (
			);
			name = Managers;
			sourceTree = "<group>";
		};
		F629CB961CC5E1F700A7B334 /* Tools */ = {
			isa = PBXGroup;
			children = (
				F6E79AEB1CAE233400DEE882 /* Sh_UDID_UUID_Tools.h */,
				F6E79AEC1CAE233400DEE882 /* Sh_UDID_UUID_Tools.m */,
			);
			name = Tools;
			sourceTree = "<group>";
		};
		F629CBD21CC607F100A7B334 /* Models */ = {
			isa = PBXGroup;
			children = (
			);
			path = Models;
			sourceTree = "<group>";
		};
		F6A3D1051CBBC1D700C2AE22 /* MainVC */ = {
			isa = PBXGroup;
			children = (
				F6D53CBE1CCF7E11000B1480 /* Model */,
				F6D53CBD1CCF7E09000B1480 /* VIew */,
				F6D53CBC1CCF7DFD000B1480 /* ViewController */,
				F6A3D1141CBBC2B000C2AE22 /* MainViewController.h */,
				F6A3D1151CBBC2B000C2AE22 /* MainViewController.m */,
			);
			name = MainVC;
			sourceTree = "<group>";
		};
		F6A3D1061CBBC1E200C2AE22 /* DiscoverVC */ = {
			isa = PBXGroup;
			children = (
				F6D53D9D1CD0E3B9000B1480 /* WEBTS */,
				F6A3D1101CBBC29900C2AE22 /* DiscoverViewController.h */,
				F6A3D1111CBBC29900C2AE22 /* DiscoverViewController.m */,
			);
			name = DiscoverVC;
			sourceTree = "<group>";
		};
		F6A3D1071CBBC1EC00C2AE22 /* NotificationVC */ = {
			isa = PBXGroup;
			children = (
				F6A3D10C1CBBC27F00C2AE22 /* NotifacationViewController.h */,
				F6A3D10D1CBBC27F00C2AE22 /* NotifacationViewController.m */,
			);
			name = NotificationVC;
			sourceTree = "<group>";
		};
		F6A3D1081CBBC21200C2AE22 /* MineVC */ = {
			isa = PBXGroup;
			children = (
				F6045C081CAD0248006BDA6F /* LoginViewController.h */,
				F6045C091CAD0248006BDA6F /* LoginViewController.m */,
				F6A3D1091CBBC27200C2AE22 /* MineViewController.h */,
				F6A3D10A1CBBC27200C2AE22 /* MineViewController.m */,
			);
			name = MineVC;
			sourceTree = "<group>";
		};
		F6C389B11CCF73450055298F /* MLT_Groups */ = {
			isa = PBXGroup;
			children = (
				F6D53D1A1CD057AB000B1480 /* Model.h */,
				F6D53D1B1CD057AB000B1480 /* Model.m */,
				F6D53D1D1CD05A77000B1480 /* json.json */,
				F6D53D1F1CD07E81000B1480 /* BaseModel.h */,
				F6D53D201CD07E81000B1480 /* BaseModel.m */,
				F6D53D221CD08A0D000B1480 /* UserModel.h */,
				F6D53D231CD08A0D000B1480 /* UserModel.m */,
			);
			name = MLT_Groups;
			path = ViewControllers/MLT_Groups;
			sourceTree = "<group>";
		};
		F6D53CBC1CCF7DFD000B1480 /* ViewController */ = {
			isa = PBXGroup;
			children = (
			);
			name = ViewController;
			sourceTree = "<group>";
		};
		F6D53CBD1CCF7E09000B1480 /* VIew */ = {
			isa = PBXGroup;
			children = (
			);
			name = VIew;
			sourceTree = "<group>";
		};
		F6D53CBE1CCF7E11000B1480 /* Model */ = {
			isa = PBXGroup;
			children = (
			);
			name = Model;
			sourceTree = "<group>";
		};
		F6D53D2E1CD09ADE000B1480 /* DaJiaCore */ = {
			isa = PBXGroup;
			children = (
				F6D53D8B1CD0CF09000B1480 /* NetSupport */,
				F6D53D7A1CD0A9DD000B1480 /* ThirdParty */,
				F6D53D4E1CD0A8B2000B1480 /* Common */,
				F6D53D301CD09EE5000B1480 /* NetFrameWork */,
			);
			path = DaJiaCore;
			sourceTree = "<group>";
		};
		F6D53D301CD09EE5000B1480 /* NetFrameWork */ = {
			isa = PBXGroup;
			children = (
				F6D53D311CD09EE5000B1480 /* Alipay/null */,
				F6D53D321CD09EE5000B1480 /* Connection */,
				F6D53D331CD09EE5000B1480 /* Managers */,
				F6D53D341CD09EE5000B1480 /* Provider */,
				F6D53D351CD09EE5000B1480 /* Request */,
				F6D53D361CD09EE5000B1480 /* Response */,
				F6D53D371CD09EE5000B1480 /* SyBase */,
				F6D53D381CD09EE5000B1480 /* Utils */,
			);
			path = NetFrameWork;
			sourceTree = "<group>";
		};
		F6D53D311CD09EE5000B1480 /* Alipay/null */ = {
			isa = PBXGroup;
			children = (
			);
			name = Alipay/null;
			path = Alipay;
			sourceTree = "<group>";
		};
		F6D53D321CD09EE5000B1480 /* Connection */ = {
			isa = PBXGroup;
			children = (
				F6D53D851CD0B7E5000B1480 /* SyURLConnection.h */,
				F6D53D861CD0B7E5000B1480 /* SyURLConnection.m */,
			);
			path = Connection;
			sourceTree = "<group>";
		};
		F6D53D331CD09EE5000B1480 /* Managers */ = {
			isa = PBXGroup;
			children = (
				F6D53D451CD0A3D1000B1480 /* SyCacheManager.h */,
				F6D53D461CD0A3D1000B1480 /* SyCacheManager.m */,
				F6D53D471CD0A3D1000B1480 /* SyFileManager.h */,
				F6D53D481CD0A3D1000B1480 /* SyFileManager.m */,
				F6D53D421CD0A279000B1480 /* SyServerManager.h */,
				F6D53D431CD0A279000B1480 /* SyServerManager.m */,
			);
			path = Managers;
			sourceTree = "<group>";
		};
		F6D53D341CD09EE5000B1480 /* Provider */ = {
			isa = PBXGroup;
			children = (
				F6D53D881CD0C9C2000B1480 /* SyURLProvider.h */,
				F6D53D891CD0C9C2000B1480 /* SyURLProvider.m */,
			);
			path = Provider;
			sourceTree = "<group>";
		};
		F6D53D351CD09EE5000B1480 /* Request */ = {
			isa = PBXGroup;
			children = (
			);
			path = Request;
			sourceTree = "<group>";
		};
		F6D53D361CD09EE5000B1480 /* Response */ = {
			isa = PBXGroup;
			children = (
			);
			path = Response;
			sourceTree = "<group>";
		};
		F6D53D371CD09EE5000B1480 /* SyBase */ = {
			isa = PBXGroup;
			children = (
				F6D53D391CD09FA3000B1480 /* SyBaseResponse.h */,
				F6D53D3A1CD09FA3000B1480 /* SyBaseResponse.m */,
				F6D53D3C1CD0A025000B1480 /* SyBaseRequest.h */,
				F6D53D3D1CD0A025000B1480 /* SyBaseRequest.m */,
				F6D53D821CD0B0A0000B1480 /* SyBaseProvider.h */,
				F6D53D831CD0B0A0000B1480 /* SyBaseProvider.m */,
			);
			path = SyBase;
			sourceTree = "<group>";
		};
		F6D53D381CD09EE5000B1480 /* Utils */ = {
			isa = PBXGroup;
			children = (
				F6D53D3F1CD0A1FD000B1480 /* SyHttpHeaderMakerUtils.h */,
				F6D53D401CD0A1FD000B1480 /* SyHttpHeaderMakerUtils.m */,
			);
			path = Utils;
			sourceTree = "<group>";
		};
		F6D53D4E1CD0A8B2000B1480 /* Common */ = {
			isa = PBXGroup;
			children = (
				F6D53D921CD0D110000B1480 /* GTMBase64 */,
				F6D53D4F1CD0A8B2000B1480 /* Additions */,
			);
			path = Common;
			sourceTree = "<group>";
		};
		F6D53D4F1CD0A8B2000B1480 /* Additions */ = {
			isa = PBXGroup;
			children = (
				F6D53D501CD0A8B2000B1480 /* NSArray+SyArray.h */,
				F6D53D511CD0A8B2000B1480 /* NSArray+SyArray.m */,
				F6D53D521CD0A8B2000B1480 /* NSDate+convenience.h */,
				F6D53D531CD0A8B2000B1480 /* NSDate+convenience.m */,
				F6D53D541CD0A8B2000B1480 /* NSNull+OVNatural.h */,
				F6D53D551CD0A8B2000B1480 /* NSNull+OVNatural.m */,
				F6D53D561CD0A8B2000B1480 /* NSString+Size.h */,
				F6D53D571CD0A8B2000B1480 /* NSString+Size.m */,
				F6D53D581CD0A8B2000B1480 /* NSString+SyString.h */,
				F6D53D591CD0A8B2000B1480 /* NSString+SyString.m */,
			);
			path = Additions;
			sourceTree = "<group>";
		};
		F6D53D7A1CD0A9DD000B1480 /* ThirdParty */ = {
			isa = PBXGroup;
			children = (
				F6D53D7B1CD0A9DD000B1480 /* Json */,
			);
			path = ThirdParty;
			sourceTree = "<group>";
		};
		F6D53D7B1CD0A9DD000B1480 /* Json */ = {
			isa = PBXGroup;
			children = (
				F6D53D7E1CD0A9DD000B1480 /* NSObject+JSON.h */,
				F6D53D7F1CD0A9DD000B1480 /* NSObject+JSON.m */,
			);
			path = Json;
			sourceTree = "<group>";
		};
		F6D53D8B1CD0CF09000B1480 /* NetSupport */ = {
			isa = PBXGroup;
			children = (
				F6D53D8C1CD0CF09000B1480 /* Login */,
			);
			path = NetSupport;
			sourceTree = "<group>";
		};
		F6D53D8C1CD0CF09000B1480 /* Login */ = {
			isa = PBXGroup;
			children = (
				F6D53D8E1CD0CF26000B1480 /* Responses */,
				F6D53D8D1CD0CF14000B1480 /* Requests */,
			);
			path = Login;
			sourceTree = "<group>";
		};
		F6D53D8D1CD0CF14000B1480 /* Requests */ = {
			isa = PBXGroup;
			children = (
				F6D53D8F1CD0CF8E000B1480 /* SyLoginRequest.h */,
				F6D53D901CD0CF8E000B1480 /* SyLoginRequest.m */,
			);
			name = Requests;
			sourceTree = "<group>";
		};
		F6D53D8E1CD0CF26000B1480 /* Responses */ = {
			isa = PBXGroup;
			children = (
			);
			name = Responses;
			sourceTree = "<group>";
		};
		F6D53D921CD0D110000B1480 /* GTMBase64 */ = {
			isa = PBXGroup;
			children = (
				F6D53D931CD0D110000B1480 /* SyBase64.h */,
				F6D53D941CD0D110000B1480 /* SyBase64.m */,
				F6D53D951CD0D110000B1480 /* SyDefines.h */,
				F6D53D961CD0D110000B1480 /* SySecurityUtil.h */,
				F6D53D971CD0D110000B1480 /* SySecurityUtil.m */,
			);
			path = GTMBase64;
			sourceTree = "<group>";
		};
		F6D53D9D1CD0E3B9000B1480 /* WEBTS */ = {
			isa = PBXGroup;
			children = (
				F6D53D9A1CD0E1A4000B1480 /* SyWebView.h */,
				F6D53D9B1CD0E1A4000B1480 /* SyWebView.m */,
				F6D53D9E1CD0E441000B1480 /* MHomeUnReadObject.h */,
				F6D53D9F1CD0E441000B1480 /* MHomeUnReadObject.m */,
			);
			name = WEBTS;
			sourceTree = "<group>";
		};
		F6E27C1C1CC0E65500CD6E52 /* Settings */ = {
			isa = PBXGroup;
			children = (
				F6E27C1D1CC0E65900CD6E52 /* GuidePageVC */,
			);
			path = Settings;
			sourceTree = "<group>";
		};
		F6E27C1D1CC0E65900CD6E52 /* GuidePageVC */ = {
			isa = PBXGroup;
			children = (
				F6E27C1E1CC0E70300CD6E52 /* GuidePageVIew.h */,
				F6E27C1F1CC0E70300CD6E52 /* GuidePageVIew.m */,
			);
			name = GuidePageVC;
			sourceTree = "<group>";
		};
		F6FE31161CD1B036003A2F11 /* LuoBo_Rent */ = {
			isa = PBXGroup;
			children = (
				F6FE31471CD1FC38003A2F11 /* RentPlaceHolder.png */,
				F6FE31351CD1F496003A2F11 /* ShRentViewController.h */,
				F6FE31361CD1F496003A2F11 /* ShRentViewController.m */,
				F6FE315C1CD221EE003A2F11 /* RentCommon */,
				F6FE315B1CD221D7003A2F11 /* RentOrder */,
				F6FE315A1CD22156003A2F11 /* RentPayment */,
				F6FE31591CD220F1003A2F11 /* RentCustomer */,
				F6FE31581CD220C3003A2F11 /* RentRoom */,
			);
			path = LuoBo_Rent;
			sourceTree = "<group>";
		};
		F6FE312E1CD1F3D1003A2F11 /* ViewController */ = {
			isa = PBXGroup;
			children = (
				F6FE31491CD1FE09003A2F11 /* FooViewController.h */,
				F6FE314A1CD1FE09003A2F11 /* FooViewController.m */,
				F6FE316F1CD22C20003A2F11 /* RentInfoViewController.h */,
				F6FE31701CD22C20003A2F11 /* RentInfoViewController.m */,
			);
			name = ViewController;
			sourceTree = "<group>";
		};
		F6FE31331CD1F467003A2F11 /* View */ = {
			isa = PBXGroup;
			children = (
				F6FE31631CD223C4003A2F11 /* Cell */,
				F6FE31501CD21509003A2F11 /* Base */,
				F6FE31411CD1F8C6003A2F11 /* ShImageBtn.h */,
				F6FE31421CD1F8C6003A2F11 /* ShImageBtn.m */,
				F6FE31441CD1F95C003A2F11 /* ShRentHeaderView.h */,
				F6FE31451CD1F95C003A2F11 /* ShRentHeaderView.m */,
			);
			name = View;
			sourceTree = "<group>";
		};
		F6FE31341CD1F46F003A2F11 /* Model */ = {
			isa = PBXGroup;
			children = (
				F6FE31551CD21E78003A2F11 /* RentNotificationModel.h */,
				F6FE31561CD21E78003A2F11 /* RentNotificationModel.m */,
				F6FE31721CD22E66003A2F11 /* RentCommonCellModel.h */,
				F6FE31731CD22E66003A2F11 /* RentCommonCellModel.m */,
			);
			name = Model;
			sourceTree = "<group>";
		};
		F6FE31401CD1F755003A2F11 /* Utils */ = {
			isa = PBXGroup;
			children = (
				F6FE313D1CD1F74F003A2F11 /* RentHelper.h */,
				F6FE313E1CD1F74F003A2F11 /* RentHelper.m */,
			);
			name = Utils;
			sourceTree = "<group>";
		};
		F6FE31501CD21509003A2F11 /* Base */ = {
			isa = PBXGroup;
			children = (
				F6FE31671CD225CF003A2F11 /* RentTableViewController.h */,
				F6FE31681CD225CF003A2F11 /* RentTableViewController.m */,
				F6FE313A1CD1F525003A2F11 /* ShBaseTableView.h */,
				F6FE313B1CD1F525003A2F11 /* ShBaseTableView.m */,
				F6FE314D1CD21504003A2F11 /* ShBaseTableViewCell.h */,
				F6FE314E1CD21504003A2F11 /* ShBaseTableViewCell.m */,
			);
			name = Base;
			sourceTree = "<group>";
		};
		F6FE31581CD220C3003A2F11 /* RentRoom */ = {
			isa = PBXGroup;
			children = (
				F60BF6071CD36CBF00B6678E /* RentRoomController.h */,
				F60BF6081CD36CBF00B6678E /* RentRoomController.m */,
				F60BF60C1CD36CF400B6678E /* ViewController */,
				F60BF60B1CD36CE700B6678E /* Model */,
				F60BF60A1CD36CE200B6678E /* View */,
			);
			name = RentRoom;
			sourceTree = "<group>";
		};
		F6FE31591CD220F1003A2F11 /* RentCustomer */ = {
			isa = PBXGroup;
			children = (
				F6FE31751CD23052003A2F11 /* RentCustomerController.h */,
				F6FE31761CD23052003A2F11 /* RentCustomerController.m */,
				F6FE315F1CD2230B003A2F11 /* Model */,
				F6FE315E1CD22300003A2F11 /* ViewController */,
				F6FE315D1CD222F6003A2F11 /* View */,
			);
			name = RentCustomer;
			sourceTree = "<group>";
		};
		F6FE315A1CD22156003A2F11 /* RentPayment */ = {
			isa = PBXGroup;
			children = (
			);
			name = RentPayment;
			sourceTree = "<group>";
		};
		F6FE315B1CD221D7003A2F11 /* RentOrder */ = {
			isa = PBXGroup;
			children = (
			);
			name = RentOrder;
			sourceTree = "<group>";
		};
		F6FE315C1CD221EE003A2F11 /* RentCommon */ = {
			isa = PBXGroup;
			children = (
				F6FE31341CD1F46F003A2F11 /* Model */,
				F6FE31331CD1F467003A2F11 /* View */,
				F6FE312E1CD1F3D1003A2F11 /* ViewController */,
				F6FE31401CD1F755003A2F11 /* Utils */,
			);
			name = RentCommon;
			sourceTree = "<group>";
		};
		F6FE315D1CD222F6003A2F11 /* View */ = {
			isa = PBXGroup;
			children = (
			);
			name = View;
			sourceTree = "<group>";
		};
		F6FE315E1CD22300003A2F11 /* ViewController */ = {
			isa = PBXGroup;
			children = (
			);
			name = ViewController;
			sourceTree = "<group>";
		};
		F6FE315F1CD2230B003A2F11 /* Model */ = {
			isa = PBXGroup;
			children = (
			);
			name = Model;
			sourceTree = "<group>";
		};
		F6FE31631CD223C4003A2F11 /* Cell */ = {
			isa = PBXGroup;
			children = (
				F6FE31641CD223E8003A2F11 /* RentCommonCell.h */,
				F6FE31651CD223E8003A2F11 /* RentCommonCell.m */,
			);
			name = Cell;
			sourceTree = "<group>";
		};
/* End PBXGroup section */

/* Begin PBXNativeTarget section */
		F6045BE01CACFEA8006BDA6F /* DAJIA_SIMPLE */ = {
			isa = PBXNativeTarget;
			buildConfigurationList = F6045BF81CACFEA8006BDA6F /* Build configuration list for PBXNativeTarget "DAJIA_SIMPLE" */;
			buildPhases = (
				FB78E11021824A082484E45A /* Check Pods Manifest.lock */,
				F6045BDD1CACFEA8006BDA6F /* Sources */,
				F6045BDE1CACFEA8006BDA6F /* Frameworks */,
				F6045BDF1CACFEA8006BDA6F /* Resources */,
				5A9F2D14A2864EE2B053BA6C /* Embed Pods Frameworks */,
				4B0E53C18E3EC565BA706596 /* Copy Pods Resources */,
			);
			buildRules = (
			);
			dependencies = (
			);
			name = DAJIA_SIMPLE;
			productName = DAJIA_SIMPLE;
			productReference = F6045BE11CACFEA8006BDA6F /* DAJIA_SIMPLE.app */;
			productType = "com.apple.product-type.application";
		};
/* End PBXNativeTarget section */

/* Begin PBXProject section */
		F6045BD91CACFEA8006BDA6F /* Project object */ = {
			isa = PBXProject;
			attributes = {
				LastUpgradeCheck = 0720;
				ORGANIZATIONNAME = weiSH;
				TargetAttributes = {
					F6045BE01CACFEA8006BDA6F = {
						CreatedOnToolsVersion = 7.2.1;
						DevelopmentTeam = Q8X3HHHDPA;
					};
				};
			};
			buildConfigurationList = F6045BDC1CACFEA8006BDA6F /* Build configuration list for PBXProject "DAJIA_SIMPLE" */;
			compatibilityVersion = "Xcode 3.2";
			developmentRegion = English;
			hasScannedForEncodings = 0;
			knownRegions = (
				en,
				Base,
			);
			mainGroup = F6045BD81CACFEA8006BDA6F;
			productRefGroup = F6045BE21CACFEA8006BDA6F /* Products */;
			projectDirPath = "";
			projectRoot = "";
			targets = (
				F6045BE01CACFEA8006BDA6F /* DAJIA_SIMPLE */,
			);
		};
/* End PBXProject section */

/* Begin PBXResourcesBuildPhase section */
		F6045BDF1CACFEA8006BDA6F /* Resources */ = {
			isa = PBXResourcesBuildPhase;
			buildActionMask = 2147483647;
			files = (
				F6045BF41CACFEA8006BDA6F /* LaunchScreen.storyboard in Resources */,
				F6FE31481CD1FC38003A2F11 /* RentPlaceHolder.png in Resources */,
				F6E27C261CC0ED3000CD6E52 /* GuideImages in Resources */,
				F6D53CC91CCF864A000B1480 /* portal.zip in Resources */,
				F6D53CC71CCF863C000B1480 /* 778913468791490474930525_portal.html in Resources */,
				F6045BF11CACFEA8006BDA6F /* Assets.xcassets in Resources */,
				F6045BEF1CACFEA8006BDA6F /* Main.storyboard in Resources */,
				F6D53D1E1CD05A77000B1480 /* json.json in Resources */,
				F6218B751CC9C0890021D3BF /* placeHolder.png in Resources */,
			);
			runOnlyForDeploymentPostprocessing = 0;
		};
/* End PBXResourcesBuildPhase section */

/* Begin PBXShellScriptBuildPhase section */
		4B0E53C18E3EC565BA706596 /* Copy Pods Resources */ = {
			isa = PBXShellScriptBuildPhase;
			buildActionMask = 2147483647;
			files = (
			);
			inputPaths = (
			);
			name = "Copy Pods Resources";
			outputPaths = (
			);
			runOnlyForDeploymentPostprocessing = 0;
			shellPath = /bin/sh;
			shellScript = "\"${SRCROOT}/Pods/Target Support Files/Pods/Pods-resources.sh\"\n";
			showEnvVarsInLog = 0;
		};
		5A9F2D14A2864EE2B053BA6C /* Embed Pods Frameworks */ = {
			isa = PBXShellScriptBuildPhase;
			buildActionMask = 2147483647;
			files = (
			);
			inputPaths = (
			);
			name = "Embed Pods Frameworks";
			outputPaths = (
			);
			runOnlyForDeploymentPostprocessing = 0;
			shellPath = /bin/sh;
			shellScript = "\"${SRCROOT}/Pods/Target Support Files/Pods/Pods-frameworks.sh\"\n";
			showEnvVarsInLog = 0;
		};
		FB78E11021824A082484E45A /* Check Pods Manifest.lock */ = {
			isa = PBXShellScriptBuildPhase;
			buildActionMask = 2147483647;
			files = (
			);
			inputPaths = (
			);
			name = "Check Pods Manifest.lock";
			outputPaths = (
			);
			runOnlyForDeploymentPostprocessing = 0;
			shellPath = /bin/sh;
			shellScript = "diff \"${PODS_ROOT}/../Podfile.lock\" \"${PODS_ROOT}/Manifest.lock\" > /dev/null\nif [[ $? != 0 ]] ; then\n    cat << EOM\nerror: The sandbox is not in sync with the Podfile.lock. Run 'pod install' or update your CocoaPods installation.\nEOM\n    exit 1\nfi\n";
			showEnvVarsInLog = 0;
		};
/* End PBXShellScriptBuildPhase section */

/* Begin PBXSourcesBuildPhase section */
		F6045BDD1CACFEA8006BDA6F /* Sources */ = {
			isa = PBXSourcesBuildPhase;
			buildActionMask = 2147483647;
			files = (
				F6A3D1121CBBC29900C2AE22 /* DiscoverViewController.m in Sources */,
				F629CBC01CC5E80D00A7B334 /* NSNull+OVNatural.m in Sources */,
				F6D53D411CD0A1FD000B1480 /* SyHttpHeaderMakerUtils.m in Sources */,
				F6FE31461CD1F95C003A2F11 /* ShRentHeaderView.m in Sources */,
				F6D53D6F1CD0A8B2000B1480 /* NSString+Size.m in Sources */,
				F6D53DA01CD0E441000B1480 /* MHomeUnReadObject.m in Sources */,
				F629CB9F1CC5E2E200A7B334 /* NSString+Size.m in Sources */,
				F6FE31371CD1F496003A2F11 /* ShRentViewController.m in Sources */,
				F621571E1CC735B7005ED14F /* SyRecordView.m in Sources */,
				F6D53D811CD0A9DD000B1480 /* NSObject+JSON.m in Sources */,
				F6FE31741CD22E66003A2F11 /* RentCommonCellModel.m in Sources */,
				F6D53D701CD0A8B2000B1480 /* NSString+SyString.m in Sources */,
				F6A3D10B1CBBC27200C2AE22 /* MineViewController.m in Sources */,
				F6FE313C1CD1F525003A2F11 /* ShBaseTableView.m in Sources */,
				F6A3D1161CBBC2B000C2AE22 /* MainViewController.m in Sources */,
				F6FB12901CC6253900A939B8 /* SyNavigationBar.m in Sources */,
				F6045C0A1CAD0248006BDA6F /* LoginViewController.m in Sources */,
				F6D53D6D1CD0A8B2000B1480 /* NSDate+convenience.m in Sources */,
				F6FE31571CD21E78003A2F11 /* RentNotificationModel.m in Sources */,
				F6FE31431CD1F8C6003A2F11 /* ShImageBtn.m in Sources */,
				F629CBBA1CC5E6BC00A7B334 /* UIWebView+JavaScriptAlert.m in Sources */,
				F6DA6E811CC5D067008B07E5 /* AppDelegate.m in Sources */,
				F6FE31661CD223E8003A2F11 /* RentCommonCell.m in Sources */,
				F629CBC31CC5E84600A7B334 /* UIScrollView+AllowPanGestureEventPass.m in Sources */,
				F629CB8D1CC5DC2400A7B334 /* SyAlertView.m in Sources */,
				F629CBC91CC5EAF400A7B334 /* SyFaceView.m in Sources */,
				F6E79AED1CAE233400DEE882 /* Sh_UDID_UUID_Tools.m in Sources */,
				F625FDC81CC5003F00DC3A62 /* SyBaseView.m in Sources */,
				F6FB12931CC62B9000A939B8 /* SyButton.m in Sources */,
				F6D53D6E1CD0A8B2000B1480 /* NSNull+OVNatural.m in Sources */,
				F6FE31691CD225CF003A2F11 /* RentTableViewController.m in Sources */,
				F6A3D10E1CBBC27F00C2AE22 /* NotifacationViewController.m in Sources */,
				F629CB901CC5DFBE00A7B334 /* SyTabBarController.m in Sources */,
				F6D53D991CD0D110000B1480 /* SySecurityUtil.m in Sources */,
				F6D53D911CD0CF8E000B1480 /* SyLoginRequest.m in Sources */,
				F60BF6091CD36CBF00B6678E /* RentRoomController.m in Sources */,
				F6D53D841CD0B0A0000B1480 /* SyBaseProvider.m in Sources */,
				F629CBA21CC5E32300A7B334 /* UILabel+Size.m in Sources */,
				F629CBB41CC5E60800A7B334 /* UIImagePickerController+SyImagePickerController.m in Sources */,
				F629CB9C1CC5E27100A7B334 /* UIColor+Category.m in Sources */,
				F6FB128D1CC624D500A939B8 /* SyBaseNavView.m in Sources */,
				F6FE314B1CD1FE09003A2F11 /* FooViewController.m in Sources */,
				F6D53D3E1CD0A025000B1480 /* SyBaseRequest.m in Sources */,
				F625FDC51CC4FA1300DC3A62 /* SyBaseViewController.m in Sources */,
				F6D53D241CD08A0D000B1480 /* UserModel.m in Sources */,
				F629CBAE1CC5E55300A7B334 /* UIImage+SyImage.m in Sources */,
				F6D53D6C1CD0A8B2000B1480 /* NSArray+SyArray.m in Sources */,
				F629CBA51CC5E3BD00A7B334 /* UINavigationController+SyNavigationController.m in Sources */,
				F629CBB11CC5E5BD00A7B334 /* UIView+SyView.m in Sources */,
				F6D53D8A1CD0C9C2000B1480 /* SyURLProvider.m in Sources */,
				F6D53D3B1CD09FA3000B1480 /* SyBaseResponse.m in Sources */,
				F6D53D441CD0A279000B1480 /* SyServerManager.m in Sources */,
				F6FE31771CD23052003A2F11 /* RentCustomerController.m in Sources */,
				F6D53D9C1CD0E1A4000B1480 /* SyWebView.m in Sources */,
				F6D53D981CD0D110000B1480 /* SyBase64.m in Sources */,
				F6D53D4B1CD0A3D1000B1480 /* SyCacheManager.m in Sources */,
				F6D53D4C1CD0A3D1000B1480 /* SyFileManager.m in Sources */,
				F629CBC61CC5EA9C00A7B334 /* SyBaseControl.m in Sources */,
				F629CBA81CC5E44E00A7B334 /* NSDate+convenience.m in Sources */,
				F629CBB71CC5E65600A7B334 /* NSArray+SyArray.m in Sources */,
				F62157211CC767FC005ED14F /* SyFeedCreateToolView.m in Sources */,
				F629CBBD1CC5E78700A7B334 /* UIControl+Monitor.m in Sources */,
				F6FB12891CC6225C00A939B8 /* SyBaseNavViewController.m in Sources */,
				F6E27C201CC0E70300CD6E52 /* GuidePageVIew.m in Sources */,
				F6D53D871CD0B7E5000B1480 /* SyURLConnection.m in Sources */,
				F6FE313F1CD1F74F003A2F11 /* RentHelper.m in Sources */,
				F629CBAB1CC5E4D100A7B334 /* NSString+SyString.m in Sources */,
				F6D53D1C1CD057AB000B1480 /* Model.m in Sources */,
				F62157241CC76872005ED14F /* SyView.m in Sources */,
				F6045BE61CACFEA8006BDA6F /* main.m in Sources */,
				F6D53D211CD07E81000B1480 /* BaseModel.m in Sources */,
				F6DA6E841CC5D0FA008B07E5 /* RootViewController.m in Sources */,
				F6FE314F1CD21504003A2F11 /* ShBaseTableViewCell.m in Sources */,
				F6FE31711CD22C20003A2F11 /* RentInfoViewController.m in Sources */,
			);
			runOnlyForDeploymentPostprocessing = 0;
		};
/* End PBXSourcesBuildPhase section */

/* Begin PBXVariantGroup section */
		F6045BED1CACFEA8006BDA6F /* Main.storyboard */ = {
			isa = PBXVariantGroup;
			children = (
				F6045BEE1CACFEA8006BDA6F /* Base */,
			);
			name = Main.storyboard;
			sourceTree = "<group>";
		};
		F6045BF21CACFEA8006BDA6F /* LaunchScreen.storyboard */ = {
			isa = PBXVariantGroup;
			children = (
				F6045BF31CACFEA8006BDA6F /* Base */,
			);
			name = LaunchScreen.storyboard;
			sourceTree = "<group>";
		};
/* End PBXVariantGroup section */

/* Begin XCBuildConfiguration section */
		F6045BF61CACFEA8006BDA6F /* Debug */ = {
			isa = XCBuildConfiguration;
			buildSettings = {
				ALWAYS_SEARCH_USER_PATHS = NO;
				CLANG_CXX_LANGUAGE_STANDARD = "gnu++0x";
				CLANG_CXX_LIBRARY = "libc++";
				CLANG_ENABLE_MODULES = YES;
				CLANG_ENABLE_OBJC_ARC = YES;
				CLANG_WARN_BOOL_CONVERSION = YES;
				CLANG_WARN_CONSTANT_CONVERSION = YES;
				CLANG_WARN_DIRECT_OBJC_ISA_USAGE = YES_ERROR;
				CLANG_WARN_EMPTY_BODY = YES;
				CLANG_WARN_ENUM_CONVERSION = YES;
				CLANG_WARN_INT_CONVERSION = YES;
				CLANG_WARN_OBJC_ROOT_CLASS = YES_ERROR;
				CLANG_WARN_UNREACHABLE_CODE = YES;
				CLANG_WARN__DUPLICATE_METHOD_MATCH = YES;
				"CODE_SIGN_IDENTITY[sdk=iphoneos*]" = "iPhone Developer";
				COPY_PHASE_STRIP = NO;
				DEBUG_INFORMATION_FORMAT = dwarf;
				ENABLE_STRICT_OBJC_MSGSEND = YES;
				ENABLE_TESTABILITY = YES;
				GCC_C_LANGUAGE_STANDARD = gnu99;
				GCC_DYNAMIC_NO_PIC = NO;
				GCC_NO_COMMON_BLOCKS = YES;
				GCC_OPTIMIZATION_LEVEL = 0;
				GCC_PREPROCESSOR_DEFINITIONS = (
					"DEBUG=1",
					"$(inherited)",
				);
				GCC_WARN_64_TO_32_BIT_CONVERSION = YES;
				GCC_WARN_ABOUT_RETURN_TYPE = YES_ERROR;
				GCC_WARN_UNDECLARED_SELECTOR = YES;
				GCC_WARN_UNINITIALIZED_AUTOS = YES_AGGRESSIVE;
				GCC_WARN_UNUSED_FUNCTION = YES;
				GCC_WARN_UNUSED_VARIABLE = YES;
				IPHONEOS_DEPLOYMENT_TARGET = 9.2;
				MTL_ENABLE_DEBUG_INFO = YES;
				ONLY_ACTIVE_ARCH = YES;
				SDKROOT = iphoneos;
			};
			name = Debug;
		};
		F6045BF71CACFEA8006BDA6F /* Release */ = {
			isa = XCBuildConfiguration;
			buildSettings = {
				ALWAYS_SEARCH_USER_PATHS = NO;
				CLANG_CXX_LANGUAGE_STANDARD = "gnu++0x";
				CLANG_CXX_LIBRARY = "libc++";
				CLANG_ENABLE_MODULES = YES;
				CLANG_ENABLE_OBJC_ARC = YES;
				CLANG_WARN_BOOL_CONVERSION = YES;
				CLANG_WARN_CONSTANT_CONVERSION = YES;
				CLANG_WARN_DIRECT_OBJC_ISA_USAGE = YES_ERROR;
				CLANG_WARN_EMPTY_BODY = YES;
				CLANG_WARN_ENUM_CONVERSION = YES;
				CLANG_WARN_INT_CONVERSION = YES;
				CLANG_WARN_OBJC_ROOT_CLASS = YES_ERROR;
				CLANG_WARN_UNREACHABLE_CODE = YES;
				CLANG_WARN__DUPLICATE_METHOD_MATCH = YES;
				"CODE_SIGN_IDENTITY[sdk=iphoneos*]" = "iPhone Developer";
				COPY_PHASE_STRIP = NO;
				DEBUG_INFORMATION_FORMAT = "dwarf-with-dsym";
				ENABLE_NS_ASSERTIONS = NO;
				ENABLE_STRICT_OBJC_MSGSEND = YES;
				GCC_C_LANGUAGE_STANDARD = gnu99;
				GCC_NO_COMMON_BLOCKS = YES;
				GCC_WARN_64_TO_32_BIT_CONVERSION = YES;
				GCC_WARN_ABOUT_RETURN_TYPE = YES_ERROR;
				GCC_WARN_UNDECLARED_SELECTOR = YES;
				GCC_WARN_UNINITIALIZED_AUTOS = YES_AGGRESSIVE;
				GCC_WARN_UNUSED_FUNCTION = YES;
				GCC_WARN_UNUSED_VARIABLE = YES;
				IPHONEOS_DEPLOYMENT_TARGET = 9.2;
				MTL_ENABLE_DEBUG_INFO = NO;
				SDKROOT = iphoneos;
				VALIDATE_PRODUCT = YES;
			};
			name = Release;
		};
		F6045BF91CACFEA8006BDA6F /* Debug */ = {
			isa = XCBuildConfiguration;
			baseConfigurationReference = 2ADBDC4FC7F88637FB03FC4E /* Pods.debug.xcconfig */;
			buildSettings = {
				ASSETCATALOG_COMPILER_APPICON_NAME = AppIcon;
				CLANG_ENABLE_OBJC_WEAK = NO;
				FRAMEWORK_SEARCH_PATHS = (
					"$(inherited)",
					"$(PROJECT_DIR)",
				);
				GCC_PRECOMPILE_PREFIX_HEADER = YES;
				GCC_PREFIX_HEADER = DAJIA_SIMPLE/CLasses/Marcos/DAJIA_prefix.pch;
				INFOPLIST_FILE = DAJIA_SIMPLE/Info.plist;
				IPHONEOS_DEPLOYMENT_TARGET = 7.0;
				LD_RUNPATH_SEARCH_PATHS = "$(inherited) @executable_path/Frameworks";
				PRODUCT_BUNDLE_IDENTIFIER = "com.company.luoBo.DAJIA-SIMPLE";
				PRODUCT_NAME = "$(TARGET_NAME)";
			};
			name = Debug;
		};
		F6045BFA1CACFEA8006BDA6F /* Release */ = {
			isa = XCBuildConfiguration;
			baseConfigurationReference = 4B3A1F96C879E6A5943D2C6A /* Pods.release.xcconfig */;
			buildSettings = {
				ASSETCATALOG_COMPILER_APPICON_NAME = AppIcon;
				CLANG_ENABLE_OBJC_WEAK = NO;
				FRAMEWORK_SEARCH_PATHS = (
					"$(inherited)",
					"$(PROJECT_DIR)",
				);
				GCC_PRECOMPILE_PREFIX_HEADER = YES;
				GCC_PREFIX_HEADER = DAJIA_SIMPLE/CLasses/Marcos/DAJIA_prefix.pch;
				INFOPLIST_FILE = DAJIA_SIMPLE/Info.plist;
				IPHONEOS_DEPLOYMENT_TARGET = 7.0;
				LD_RUNPATH_SEARCH_PATHS = "$(inherited) @executable_path/Frameworks";
				PRODUCT_BUNDLE_IDENTIFIER = "com.company.luoBo.DAJIA-SIMPLE";
				PRODUCT_NAME = "$(TARGET_NAME)";
			};
			name = Release;
		};
/* End XCBuildConfiguration section */

/* Begin XCConfigurationList section */
		F6045BDC1CACFEA8006BDA6F /* Build configuration list for PBXProject "DAJIA_SIMPLE" */ = {
			isa = XCConfigurationList;
			buildConfigurations = (
				F6045BF61CACFEA8006BDA6F /* Debug */,
				F6045BF71CACFEA8006BDA6F /* Release */,
			);
			defaultConfigurationIsVisible = 0;
			defaultConfigurationName = Release;
		};
		F6045BF81CACFEA8006BDA6F /* Build configuration list for PBXNativeTarget "DAJIA_SIMPLE" */ = {
			isa = XCConfigurationList;
			buildConfigurations = (
				F6045BF91CACFEA8006BDA6F /* Debug */,
				F6045BFA1CACFEA8006BDA6F /* Release */,
			);
			defaultConfigurationIsVisible = 0;
			defaultConfigurationName = Release;
		};
/* End XCConfigurationList section */
	};
	rootObject = F6045BD91CACFEA8006BDA6F /* Project object */;
}
